// !$*UTF8*$!
{
	archiveVersion = 1;
	classes = {
	};
	objectVersion = 46;
	objects = {

/* Begin PBXBuildFile section */
		2B08036C17A321510095F199 /* AccountBalanceManager.m in Sources */ = {isa = PBXBuildFile; fileRef = 2B08036B17A321510095F199 /* AccountBalanceManager.m */; };
		2B08036F17A32DE70095F199 /* AccountHistoryManager.m in Sources */ = {isa = PBXBuildFile; fileRef = 2B08036E17A32DE70095F199 /* AccountHistoryManager.m */; };
		2B08037217A32E660095F199 /* RPTxHistory.m in Sources */ = {isa = PBXBuildFile; fileRef = 2B08037117A32E660095F199 /* RPTxHistory.m */; };
		2B08037517A335AE0095F199 /* TxViewController.m in Sources */ = {isa = PBXBuildFile; fileRef = 2B08037417A335AE0095F199 /* TxViewController.m */; };
		2B201D0D179D22AE00B52E90 /* Splash.png in Resources */ = {isa = PBXBuildFile; fileRef = 2B201D0B179D22AE00B52E90 /* Splash.png */; };
		2B201D0E179D22AE00B52E90 /* Splash@2x.png in Resources */ = {isa = PBXBuildFile; fileRef = 2B201D0C179D22AE00B52E90 /* Splash@2x.png */; };
		2B201D12179D236F00B52E90 /* LoginViewController.m in Sources */ = {isa = PBXBuildFile; fileRef = 2B201D11179D236F00B52E90 /* LoginViewController.m */; };
		2B201D19179D25C300B52E90 /* SVProgressHUD.bundle in Resources */ = {isa = PBXBuildFile; fileRef = 2B201D15179D25C300B52E90 /* SVProgressHUD.bundle */; };
		2B201D1A179D25C300B52E90 /* SVProgressHUD.m in Sources */ = {isa = PBXBuildFile; fileRef = 2B201D17179D25C300B52E90 /* SVProgressHUD.m */; };
		2B201D1C179D265A00B52E90 /* QuartzCore.framework in Frameworks */ = {isa = PBXBuildFile; fileRef = 2B201D1B179D265A00B52E90 /* QuartzCore.framework */; };
		2B201DC2179D27C400B52E90 /* SSKeychain.strings in Resources */ = {isa = PBXBuildFile; fileRef = 2B201DBC179D27C400B52E90 /* SSKeychain.strings */; };
		2B201DC3179D27C400B52E90 /* SSKeychain.m in Sources */ = {isa = PBXBuildFile; fileRef = 2B201DBF179D27C400B52E90 /* SSKeychain.m */; };
		2B201DC4179D27C400B52E90 /* SSKeychainQuery.m in Sources */ = {isa = PBXBuildFile; fileRef = 2B201DC1179D27C400B52E90 /* SSKeychainQuery.m */; };
		2B201DC6179D29D000B52E90 /* Security.framework in Frameworks */ = {isa = PBXBuildFile; fileRef = 2B201DC5179D29D000B52E90 /* Security.framework */; };
		2B201DC9179D2B9F00B52E90 /* BalancesViewController.m in Sources */ = {isa = PBXBuildFile; fileRef = 2B201DC8179D2B9F00B52E90 /* BalancesViewController.m */; };
		2B201DCC179D36E600B52E90 /* SendTransactionViewController.m in Sources */ = {isa = PBXBuildFile; fileRef = 2B201DCB179D36E600B52E90 /* SendTransactionViewController.m */; };
		2B201DCF179D3C1500B52E90 /* RPBlobData.m in Sources */ = {isa = PBXBuildFile; fileRef = 2B201DCE179D3C1500B52E90 /* RPBlobData.m */; };
		2B201DDA179E03AD00B52E90 /* RPContact.m in Sources */ = {isa = PBXBuildFile; fileRef = 2B201DD9179E03AD00B52E90 /* RPContact.m */; };
		2B201DDD179E483F00B52E90 /* RPTransaction.m in Sources */ = {isa = PBXBuildFile; fileRef = 2B201DDC179E483F00B52E90 /* RPTransaction.m */; };
		2B201DE0179E497C00B52E90 /* RPTransactionSubscription.m in Sources */ = {isa = PBXBuildFile; fileRef = 2B201DDF179E497C00B52E90 /* RPTransactionSubscription.m */; };
		2B5860BF179764A300200D0C /* UIKit.framework in Frameworks */ = {isa = PBXBuildFile; fileRef = 2B5860BE179764A300200D0C /* UIKit.framework */; };
		2B5860C1179764A300200D0C /* Foundation.framework in Frameworks */ = {isa = PBXBuildFile; fileRef = 2B5860C0179764A300200D0C /* Foundation.framework */; };
		2B5860C3179764A300200D0C /* CoreGraphics.framework in Frameworks */ = {isa = PBXBuildFile; fileRef = 2B5860C2179764A300200D0C /* CoreGraphics.framework */; };
		2B5860C9179764A300200D0C /* InfoPlist.strings in Resources */ = {isa = PBXBuildFile; fileRef = 2B5860C7179764A300200D0C /* InfoPlist.strings */; };
		2B5860CB179764A300200D0C /* main.m in Sources */ = {isa = PBXBuildFile; fileRef = 2B5860CA179764A300200D0C /* main.m */; };
		2B5860CF179764A300200D0C /* AppDelegate.m in Sources */ = {isa = PBXBuildFile; fileRef = 2B5860CE179764A300200D0C /* AppDelegate.m */; };
		2B5860D1179764A300200D0C /* Default.png in Resources */ = {isa = PBXBuildFile; fileRef = 2B5860D0179764A300200D0C /* Default.png */; };
		2B5860D3179764A300200D0C /* Default@2x.png in Resources */ = {isa = PBXBuildFile; fileRef = 2B5860D2179764A300200D0C /* Default@2x.png */; };
		2B5860D5179764A300200D0C /* Default-568h@2x.png in Resources */ = {isa = PBXBuildFile; fileRef = 2B5860D4179764A300200D0C /* Default-568h@2x.png */; };
		2B5860D8179764A300200D0C /* MainStoryboard_iPhone.storyboard in Resources */ = {isa = PBXBuildFile; fileRef = 2B5860D6179764A300200D0C /* MainStoryboard_iPhone.storyboard */; };
		2B5860DB179764A300200D0C /* MainStoryboard_iPad.storyboard in Resources */ = {isa = PBXBuildFile; fileRef = 2B5860D9179764A300200D0C /* MainStoryboard_iPad.storyboard */; };
		2B5860DE179764A300200D0C /* ViewController.m in Sources */ = {isa = PBXBuildFile; fileRef = 2B5860DD179764A300200D0C /* ViewController.m */; };
		2B5860E6179764A300200D0C /* SenTestingKit.framework in Frameworks */ = {isa = PBXBuildFile; fileRef = 2B5860E5179764A300200D0C /* SenTestingKit.framework */; };
		2B5860E7179764A300200D0C /* UIKit.framework in Frameworks */ = {isa = PBXBuildFile; fileRef = 2B5860BE179764A300200D0C /* UIKit.framework */; };
		2B5860E8179764A300200D0C /* Foundation.framework in Frameworks */ = {isa = PBXBuildFile; fileRef = 2B5860C0179764A300200D0C /* Foundation.framework */; };
		2B5860F0179764A300200D0C /* InfoPlist.strings in Resources */ = {isa = PBXBuildFile; fileRef = 2B5860EE179764A300200D0C /* InfoPlist.strings */; };
		2B5860F3179764A300200D0C /* RippleTests.m in Sources */ = {isa = PBXBuildFile; fileRef = 2B5860F2179764A300200D0C /* RippleTests.m */; };
		2B5860FF1797672E00200D0C /* RippleJSManager.m in Sources */ = {isa = PBXBuildFile; fileRef = 2B5860FE1797672E00200D0C /* RippleJSManager.m */; };
		2B5861051797678C00200D0C /* WebViewJavascriptBridge.js.txt in Resources */ = {isa = PBXBuildFile; fileRef = 2B5861031797678C00200D0C /* WebViewJavascriptBridge.js.txt */; };
		2B5861061797678C00200D0C /* WebViewJavascriptBridge.m in Sources */ = {isa = PBXBuildFile; fileRef = 2B5861041797678C00200D0C /* WebViewJavascriptBridge.m */; };
		2B58613917976D3400200D0C /* ripple-lib-wrapper.js in Resources */ = {isa = PBXBuildFile; fileRef = 2B586126179769C500200D0C /* ripple-lib-wrapper.js */; };
		2B5861411797806E00200D0C /* RPAccountData.m in Sources */ = {isa = PBXBuildFile; fileRef = 2B5861401797806E00200D0C /* RPAccountData.m */; };
		2B5861451797813000200D0C /* NSObject+KJSerializer.m in Sources */ = {isa = PBXBuildFile; fileRef = 2B5861441797813000200D0C /* NSObject+KJSerializer.m */; };
		2B5861481797879700200D0C /* RPLedgerClosed.m in Sources */ = {isa = PBXBuildFile; fileRef = 2B5861471797879700200D0C /* RPLedgerClosed.m */; };
		2B58614D1797B83400200D0C /* RPError.m in Sources */ = {isa = PBXBuildFile; fileRef = 2B58614C1797B83400200D0C /* RPError.m */; };
		2B5861511798AB0800200D0C /* NSString+Hashes.m in Sources */ = {isa = PBXBuildFile; fileRef = 2B5861501798AB0800200D0C /* NSString+Hashes.m */; };
		2B5861681798AB3D00200D0C /* AFHTTPClient.m in Sources */ = {isa = PBXBuildFile; fileRef = 2B5861551798AB3D00200D0C /* AFHTTPClient.m */; };
		2B5861691798AB3D00200D0C /* AFHTTPRequestOperation.m in Sources */ = {isa = PBXBuildFile; fileRef = 2B5861571798AB3D00200D0C /* AFHTTPRequestOperation.m */; };
		2B58616A1798AB3D00200D0C /* AFImageRequestOperation.m in Sources */ = {isa = PBXBuildFile; fileRef = 2B5861591798AB3D00200D0C /* AFImageRequestOperation.m */; };
		2B58616B1798AB3D00200D0C /* AFJSONRequestOperation.m in Sources */ = {isa = PBXBuildFile; fileRef = 2B58615B1798AB3D00200D0C /* AFJSONRequestOperation.m */; };
		2B58616C1798AB3D00200D0C /* AFNetworkActivityIndicatorManager.m in Sources */ = {isa = PBXBuildFile; fileRef = 2B58615D1798AB3D00200D0C /* AFNetworkActivityIndicatorManager.m */; };
		2B58616D1798AB3D00200D0C /* AFPropertyListRequestOperation.m in Sources */ = {isa = PBXBuildFile; fileRef = 2B5861601798AB3D00200D0C /* AFPropertyListRequestOperation.m */; };
		2B58616E1798AB3D00200D0C /* AFURLConnectionOperation.m in Sources */ = {isa = PBXBuildFile; fileRef = 2B5861621798AB3D00200D0C /* AFURLConnectionOperation.m */; };
		2B58616F1798AB3D00200D0C /* AFXMLRequestOperation.m in Sources */ = {isa = PBXBuildFile; fileRef = 2B5861641798AB3D00200D0C /* AFXMLRequestOperation.m */; };
		2B5861701798AB3D00200D0C /* UIImageView+AFNetworking.m in Sources */ = {isa = PBXBuildFile; fileRef = 2B5861661798AB3D00200D0C /* UIImageView+AFNetworking.m */; };
		2B5861741798AB8800200D0C /* RPVaultClient.m in Sources */ = {isa = PBXBuildFile; fileRef = 2B5861731798AB8800200D0C /* RPVaultClient.m */; };
		2B5861781798AE3300200D0C /* NSData+Conversion.m in Sources */ = {isa = PBXBuildFile; fileRef = 2B5861771798AE3300200D0C /* NSData+Conversion.m */; };
		2B58617F1799E5DC00200D0C /* Base64.m in Sources */ = {isa = PBXBuildFile; fileRef = 2B58617E1799E5DC00200D0C /* Base64.m */; };
		2B58618D1799EA1E00200D0C /* AESCrypt.m in Sources */ = {isa = PBXBuildFile; fileRef = 2B5861831799EA1E00200D0C /* AESCrypt.m */; };
		2B58618F1799EA1E00200D0C /* NSData+Base64.m in Sources */ = {isa = PBXBuildFile; fileRef = 2B5861861799EA1E00200D0C /* NSData+Base64.m */; };
		2B5861901799EA1E00200D0C /* NSData+CommonCrypto.m in Sources */ = {isa = PBXBuildFile; fileRef = 2B5861881799EA1E00200D0C /* NSData+CommonCrypto.m */; };
		2B5861911799EA1E00200D0C /* NSString+Base64.m in Sources */ = {isa = PBXBuildFile; fileRef = 2B58618A1799EA1E00200D0C /* NSString+Base64.m */; };
		2B5861921799EA1E00200D0C /* README.md in Resources */ = {isa = PBXBuildFile; fileRef = 2B58618B1799EA1E00200D0C /* README.md */; };
		2B5861961799EC7B00200D0C /* sjcl.js in Resources */ = {isa = PBXBuildFile; fileRef = 2B5861941799EC7000200D0C /* sjcl.js */; };
		2B586199179A0A8500200D0C /* RPAccountLine.m in Sources */ = {isa = PBXBuildFile; fileRef = 2B586198179A0A8400200D0C /* RPAccountLine.m */; };
		2B58619B179A192A00200D0C /* SystemConfiguration.framework in Frameworks */ = {isa = PBXBuildFile; fileRef = 2B58619A179A192A00200D0C /* SystemConfiguration.framework */; };
		2B58619D179A193000200D0C /* MobileCoreServices.framework in Frameworks */ = {isa = PBXBuildFile; fileRef = 2B58619C179A193000200D0C /* MobileCoreServices.framework */; };
		2B58F784179F68F0009AEEEA /* SendGenericViewController.m in Sources */ = {isa = PBXBuildFile; fileRef = 2B58F783179F68F0009AEEEA /* SendGenericViewController.m */; };
		2B58F787179F70A5009AEEEA /* SendAmountViewController.m in Sources */ = {isa = PBXBuildFile; fileRef = 2B58F786179F70A5009AEEEA /* SendAmountViewController.m */; };
		2B58F78A179F71EC009AEEEA /* RPNewTransaction.m in Sources */ = {isa = PBXBuildFile; fileRef = 2B58F789179F71EB009AEEEA /* RPNewTransaction.m */; };
		2B58F78C179F943D009AEEEA /* Ripple-Icon-57.png in Resources */ = {isa = PBXBuildFile; fileRef = 2B58F78B179F943D009AEEEA /* Ripple-Icon-57.png */; };
		2B58F78E179F9444009AEEEA /* Ripple-Icon-114.png in Resources */ = {isa = PBXBuildFile; fileRef = 2B58F78D179F9444009AEEEA /* Ripple-Icon-114.png */; };
		2B58F7C2179F9D2F009AEEEA /* ReceiveViewController.mm in Sources */ = {isa = PBXBuildFile; fileRef = 2B58F7C1179F9D2F009AEEEA /* ReceiveViewController.mm */; };
		2B58F7D7179F9E35009AEEEA /* libqrencoder.a in Frameworks */ = {isa = PBXBuildFile; fileRef = 2B58F7D2179F9DF9009AEEEA /* libqrencoder.a */; };
		2B58F80117A07D6F009AEEEA /* libzbar.a in Frameworks */ = {isa = PBXBuildFile; fileRef = 2B58F7FB17A07D6F009AEEEA /* libzbar.a */; };
		2B58F80717A081B4009AEEEA /* libiconv.dylib in Frameworks */ = {isa = PBXBuildFile; fileRef = 2B58F80617A081B4009AEEEA /* libiconv.dylib */; };
		2B58F80917A081C2009AEEEA /* AVFoundation.framework in Frameworks */ = {isa = PBXBuildFile; fileRef = 2B58F80817A081C2009AEEEA /* AVFoundation.framework */; settings = {ATTRIBUTES = (Weak, ); }; };
		2B58F80B17A081D1009AEEEA /* CoreMedia.framework in Frameworks */ = {isa = PBXBuildFile; fileRef = 2B58F80A17A081D1009AEEEA /* CoreMedia.framework */; settings = {ATTRIBUTES = (Weak, ); }; };
		2B58F80D17A08207009AEEEA /* CoreVideo.framework in Frameworks */ = {isa = PBXBuildFile; fileRef = 2B58F80C17A08206009AEEEA /* CoreVideo.framework */; settings = {ATTRIBUTES = (Weak, ); }; };
		2B58F81017A0D013009AEEEA /* SendWaitingViewController.m in Sources */ = {isa = PBXBuildFile; fileRef = 2B58F80F17A0D013009AEEEA /* SendWaitingViewController.m */; };
		2B58F81317A0D108009AEEEA /* RippleStatusViewController.m in Sources */ = {isa = PBXBuildFile; fileRef = 2B58F81217A0D108009AEEEA /* RippleStatusViewController.m */; };
		2B58F81817A1D9D6009AEEEA /* jsonrewriter.js in Resources */ = {isa = PBXBuildFile; fileRef = 2B58F81617A1D996009AEEEA /* jsonrewriter.js */; };
		2B58F81F17A1E6A8009AEEEA /* RippleJSManager+Initializer.m in Sources */ = {isa = PBXBuildFile; fileRef = 2B58F81E17A1E6A8009AEEEA /* RippleJSManager+Initializer.m */; };
		2B58F82217A1E879009AEEEA /* RippleJSManager+AccountInfo.m in Sources */ = {isa = PBXBuildFile; fileRef = 2B58F82117A1E879009AEEEA /* RippleJSManager+AccountInfo.m */; };
		2B58F82517A1EA6D009AEEEA /* RippleJSManager+AccountLines.m in Sources */ = {isa = PBXBuildFile; fileRef = 2B58F82417A1EA6D009AEEEA /* RippleJSManager+AccountLines.m */; };
		2B58F82817A1EBBE009AEEEA /* RippleJSManager+AccountTx.m in Sources */ = {isa = PBXBuildFile; fileRef = 2B58F82717A1EBBE009AEEEA /* RippleJSManager+AccountTx.m */; };
		2B58F82B17A1ECC3009AEEEA /* RippleJSManager+TransactionCallback.m in Sources */ = {isa = PBXBuildFile; fileRef = 2B58F82A17A1ECC3009AEEEA /* RippleJSManager+TransactionCallback.m */; };
		2B58F83117A1EF03009AEEEA /* RippleJSManager+NetworkStatus.m in Sources */ = {isa = PBXBuildFile; fileRef = 2B58F83017A1EF02009AEEEA /* RippleJSManager+NetworkStatus.m */; };
		2B58F83417A1EFAA009AEEEA /* RippleJSManager+Authentication.m in Sources */ = {isa = PBXBuildFile; fileRef = 2B58F83317A1EFA9009AEEEA /* RippleJSManager+Authentication.m */; };
		2B58F83717A1F157009AEEEA /* RippleJSManager+SendTransaction.m in Sources */ = {isa = PBXBuildFile; fileRef = 2B58F83617A1F156009AEEEA /* RippleJSManager+SendTransaction.m */; };
		2B58F83A17A1FAEA009AEEEA /* RippleJSManager+AccountOffers.m in Sources */ = {isa = PBXBuildFile; fileRef = 2B58F83917A1FAE9009AEEEA /* RippleJSManager+AccountOffers.m */; };
		2B58F83D17A1FD0C009AEEEA /* RippleJSManager+Ledger.m in Sources */ = {isa = PBXBuildFile; fileRef = 2B58F83C17A1FD0B009AEEEA /* RippleJSManager+Ledger.m */; };
		2B66B04A17AF871400CC3523 /* RPAvailablePath.m in Sources */ = {isa = PBXBuildFile; fileRef = 2B66B04917AF871400CC3523 /* RPAvailablePath.m */; };
		2B66B05D17AF971E00CC3523 /* arrow.png in Resources */ = {isa = PBXBuildFile; fileRef = 2B66B04D17AF971E00CC3523 /* arrow.png */; };
		2B66B05E17AF971E00CC3523 /* arrow@2x.png in Resources */ = {isa = PBXBuildFile; fileRef = 2B66B04E17AF971E00CC3523 /* arrow@2x.png */; };
		2B66B05F17AF971E00CC3523 /* btn_send_down.png in Resources */ = {isa = PBXBuildFile; fileRef = 2B66B04F17AF971E00CC3523 /* btn_send_down.png */; };
		2B66B06017AF971E00CC3523 /* btn_send_down@2x.png in Resources */ = {isa = PBXBuildFile; fileRef = 2B66B05017AF971E00CC3523 /* btn_send_down@2x.png */; };
		2B66B06117AF971E00CC3523 /* btn_send_up.png in Resources */ = {isa = PBXBuildFile; fileRef = 2B66B05117AF971E00CC3523 /* btn_send_up.png */; };
		2B66B06217AF971E00CC3523 /* btn_send_up@2x.png in Resources */ = {isa = PBXBuildFile; fileRef = 2B66B05217AF971E00CC3523 /* btn_send_up@2x.png */; };
		2B66B06317AF971E00CC3523 /* btn_white_down.png in Resources */ = {isa = PBXBuildFile; fileRef = 2B66B05317AF971E00CC3523 /* btn_white_down.png */; };
		2B66B06417AF971E00CC3523 /* btn_white_down@2x.png in Resources */ = {isa = PBXBuildFile; fileRef = 2B66B05417AF971E00CC3523 /* btn_white_down@2x.png */; };
		2B66B06517AF971E00CC3523 /* btn_white_up.png in Resources */ = {isa = PBXBuildFile; fileRef = 2B66B05517AF971E00CC3523 /* btn_white_up.png */; };
		2B66B06617AF971E00CC3523 /* btn_white_up@2x.png in Resources */ = {isa = PBXBuildFile; fileRef = 2B66B05617AF971E00CC3523 /* btn_white_up@2x.png */; };
		2B66B06717AF971E00CC3523 /* send_amt.png in Resources */ = {isa = PBXBuildFile; fileRef = 2B66B05717AF971E00CC3523 /* send_amt.png */; };
		2B66B06817AF971E00CC3523 /* send_amt@2x.png in Resources */ = {isa = PBXBuildFile; fileRef = 2B66B05817AF971E00CC3523 /* send_amt@2x.png */; };
		2B66B06917AF971E00CC3523 /* signin_logo.png in Resources */ = {isa = PBXBuildFile; fileRef = 2B66B05917AF971E00CC3523 /* signin_logo.png */; };
		2B66B06A17AF971E00CC3523 /* signin_logo@2x.png in Resources */ = {isa = PBXBuildFile; fileRef = 2B66B05A17AF971E00CC3523 /* signin_logo@2x.png */; };
		2B66B06B17AF971E00CC3523 /* top_logo.png in Resources */ = {isa = PBXBuildFile; fileRef = 2B66B05B17AF971E00CC3523 /* top_logo.png */; };
		2B66B06C17AF971E00CC3523 /* top_logo@2x.png in Resources */ = {isa = PBXBuildFile; fileRef = 2B66B05C17AF971E00CC3523 /* top_logo@2x.png */; };
		2BE6DA9A17A72278008CAC64 /* SendCurrencyViewController.m in Sources */ = {isa = PBXBuildFile; fileRef = 2BE6DA9917A72278008CAC64 /* SendCurrencyViewController.m */; };
		2BE6DA9D17A748BA008CAC64 /* SendPathsViewController.m in Sources */ = {isa = PBXBuildFile; fileRef = 2BE6DA9C17A748BA008CAC64 /* SendPathsViewController.m */; };
		2BE8F63E17A9DB3700372FCB /* ripple-0.7.18-min.js in Resources */ = {isa = PBXBuildFile; fileRef = 2BE8F63B17A9DB2C00372FCB /* ripple-0.7.18-min.js */; };
		2BE8F64217A9EF9100372FCB /* RPHelper.m in Sources */ = {isa = PBXBuildFile; fileRef = 2BE8F64117A9EF9100372FCB /* RPHelper.m */; };
/* End PBXBuildFile section */

/* Begin PBXContainerItemProxy section */
		2B5860E9179764A300200D0C /* PBXContainerItemProxy */ = {
			isa = PBXContainerItemProxy;
			containerPortal = 2B5860B3179764A300200D0C /* Project object */;
			proxyType = 1;
			remoteGlobalIDString = 2B5860BA179764A300200D0C;
			remoteInfo = Ripple;
		};
		2B58F7D1179F9DF9009AEEEA /* PBXContainerItemProxy */ = {
			isa = PBXContainerItemProxy;
			containerPortal = 2B58F7CC179F9DF8009AEEEA /* QRCodeEncoderObjectiveCAtGithub.xcodeproj */;
			proxyType = 2;
			remoteGlobalIDString = 9672D35713BD662F0002B0E2;
			remoteInfo = qrencoder;
		};
		2B58F7D3179F9DF9009AEEEA /* PBXContainerItemProxy */ = {
			isa = PBXContainerItemProxy;
			containerPortal = 2B58F7CC179F9DF8009AEEEA /* QRCodeEncoderObjectiveCAtGithub.xcodeproj */;
			proxyType = 2;
			remoteGlobalIDString = 9621844115431DBA00447877;
			remoteInfo = QRCodeEncoderDemo;
		};
		2B58F7D5179F9E29009AEEEA /* PBXContainerItemProxy */ = {
			isa = PBXContainerItemProxy;
			containerPortal = 2B58F7CC179F9DF8009AEEEA /* QRCodeEncoderObjectiveCAtGithub.xcodeproj */;
			proxyType = 1;
			remoteGlobalIDString = 9672D35613BD662F0002B0E2;
			remoteInfo = qrencoder;
		};
/* End PBXContainerItemProxy section */

/* Begin PBXFileReference section */
		2B08036A17A321510095F199 /* AccountBalanceManager.h */ = {isa = PBXFileReference; fileEncoding = 4; lastKnownFileType = sourcecode.c.h; name = AccountBalanceManager.h; path = Managers/Other/AccountBalanceManager.h; sourceTree = "<group>"; };
		2B08036B17A321510095F199 /* AccountBalanceManager.m */ = {isa = PBXFileReference; fileEncoding = 4; lastKnownFileType = sourcecode.c.objc; name = AccountBalanceManager.m; path = Managers/Other/AccountBalanceManager.m; sourceTree = "<group>"; };
		2B08036D17A32DE70095F199 /* AccountHistoryManager.h */ = {isa = PBXFileReference; fileEncoding = 4; lastKnownFileType = sourcecode.c.h; name = AccountHistoryManager.h; path = Managers/Other/AccountHistoryManager.h; sourceTree = "<group>"; };
		2B08036E17A32DE70095F199 /* AccountHistoryManager.m */ = {isa = PBXFileReference; fileEncoding = 4; lastKnownFileType = sourcecode.c.objc; name = AccountHistoryManager.m; path = Managers/Other/AccountHistoryManager.m; sourceTree = "<group>"; };
		2B08037017A32E660095F199 /* RPTxHistory.h */ = {isa = PBXFileReference; fileEncoding = 4; lastKnownFileType = sourcecode.c.h; name = RPTxHistory.h; path = Objects/RPTxHistory.h; sourceTree = "<group>"; };
		2B08037117A32E660095F199 /* RPTxHistory.m */ = {isa = PBXFileReference; fileEncoding = 4; lastKnownFileType = sourcecode.c.objc; name = RPTxHistory.m; path = Objects/RPTxHistory.m; sourceTree = "<group>"; };
		2B08037317A335AE0095F199 /* TxViewController.h */ = {isa = PBXFileReference; fileEncoding = 4; lastKnownFileType = sourcecode.c.h; name = TxViewController.h; path = iPhoneViewControllers/TxViewController.h; sourceTree = "<group>"; };
		2B08037417A335AE0095F199 /* TxViewController.m */ = {isa = PBXFileReference; fileEncoding = 4; lastKnownFileType = sourcecode.c.objc; name = TxViewController.m; path = iPhoneViewControllers/TxViewController.m; sourceTree = "<group>"; };
		2B201D0B179D22AE00B52E90 /* Splash.png */ = {isa = PBXFileReference; lastKnownFileType = image.png; path = Splash.png; sourceTree = "<group>"; };
		2B201D0C179D22AE00B52E90 /* Splash@2x.png */ = {isa = PBXFileReference; lastKnownFileType = image.png; path = "Splash@2x.png"; sourceTree = "<group>"; };
		2B201D10179D236F00B52E90 /* LoginViewController.h */ = {isa = PBXFileReference; fileEncoding = 4; lastKnownFileType = sourcecode.c.h; name = LoginViewController.h; path = iPhoneViewControllers/LoginViewController.h; sourceTree = "<group>"; };
		2B201D11179D236F00B52E90 /* LoginViewController.m */ = {isa = PBXFileReference; fileEncoding = 4; lastKnownFileType = sourcecode.c.objc; name = LoginViewController.m; path = iPhoneViewControllers/LoginViewController.m; sourceTree = "<group>"; };
		2B201D14179D25C300B52E90 /* .gitignore */ = {isa = PBXFileReference; fileEncoding = 4; lastKnownFileType = text; path = .gitignore; sourceTree = "<group>"; };
		2B201D15179D25C300B52E90 /* SVProgressHUD.bundle */ = {isa = PBXFileReference; lastKnownFileType = "wrapper.plug-in"; path = SVProgressHUD.bundle; sourceTree = "<group>"; };
		2B201D16179D25C300B52E90 /* SVProgressHUD.h */ = {isa = PBXFileReference; fileEncoding = 4; lastKnownFileType = sourcecode.c.h; path = SVProgressHUD.h; sourceTree = "<group>"; };
		2B201D17179D25C300B52E90 /* SVProgressHUD.m */ = {isa = PBXFileReference; fileEncoding = 4; lastKnownFileType = sourcecode.c.objc; path = SVProgressHUD.m; sourceTree = "<group>"; };
		2B201D1B179D265A00B52E90 /* QuartzCore.framework */ = {isa = PBXFileReference; lastKnownFileType = wrapper.framework; name = QuartzCore.framework; path = System/Library/Frameworks/QuartzCore.framework; sourceTree = SDKROOT; };
		2B201DBD179D27C400B52E90 /* en */ = {isa = PBXFileReference; lastKnownFileType = text.plist.strings; name = en; path = en.lproj/SSKeychain.strings; sourceTree = "<group>"; };
		2B201DBE179D27C400B52E90 /* SSKeychain.h */ = {isa = PBXFileReference; fileEncoding = 4; lastKnownFileType = sourcecode.c.h; path = SSKeychain.h; sourceTree = "<group>"; };
		2B201DBF179D27C400B52E90 /* SSKeychain.m */ = {isa = PBXFileReference; fileEncoding = 4; lastKnownFileType = sourcecode.c.objc; path = SSKeychain.m; sourceTree = "<group>"; };
		2B201DC0179D27C400B52E90 /* SSKeychainQuery.h */ = {isa = PBXFileReference; fileEncoding = 4; lastKnownFileType = sourcecode.c.h; path = SSKeychainQuery.h; sourceTree = "<group>"; };
		2B201DC1179D27C400B52E90 /* SSKeychainQuery.m */ = {isa = PBXFileReference; fileEncoding = 4; lastKnownFileType = sourcecode.c.objc; path = SSKeychainQuery.m; sourceTree = "<group>"; };
		2B201DC5179D29D000B52E90 /* Security.framework */ = {isa = PBXFileReference; lastKnownFileType = wrapper.framework; name = Security.framework; path = System/Library/Frameworks/Security.framework; sourceTree = SDKROOT; };
		2B201DC7179D2B9F00B52E90 /* BalancesViewController.h */ = {isa = PBXFileReference; fileEncoding = 4; lastKnownFileType = sourcecode.c.h; name = BalancesViewController.h; path = iPhoneViewControllers/BalancesViewController.h; sourceTree = "<group>"; };
		2B201DC8179D2B9F00B52E90 /* BalancesViewController.m */ = {isa = PBXFileReference; fileEncoding = 4; lastKnownFileType = sourcecode.c.objc; name = BalancesViewController.m; path = iPhoneViewControllers/BalancesViewController.m; sourceTree = "<group>"; };
		2B201DCA179D36E600B52E90 /* SendTransactionViewController.h */ = {isa = PBXFileReference; fileEncoding = 4; lastKnownFileType = sourcecode.c.h; name = SendTransactionViewController.h; path = iPhoneViewControllers/SendTransactionViewController.h; sourceTree = "<group>"; };
		2B201DCB179D36E600B52E90 /* SendTransactionViewController.m */ = {isa = PBXFileReference; fileEncoding = 4; lastKnownFileType = sourcecode.c.objc; name = SendTransactionViewController.m; path = iPhoneViewControllers/SendTransactionViewController.m; sourceTree = "<group>"; };
		2B201DCD179D3C1500B52E90 /* RPBlobData.h */ = {isa = PBXFileReference; fileEncoding = 4; lastKnownFileType = sourcecode.c.h; name = RPBlobData.h; path = Objects/RPBlobData.h; sourceTree = "<group>"; };
		2B201DCE179D3C1500B52E90 /* RPBlobData.m */ = {isa = PBXFileReference; fileEncoding = 4; lastKnownFileType = sourcecode.c.objc; name = RPBlobData.m; path = Objects/RPBlobData.m; sourceTree = "<group>"; };
		2B201DD8179E03AD00B52E90 /* RPContact.h */ = {isa = PBXFileReference; fileEncoding = 4; lastKnownFileType = sourcecode.c.h; name = RPContact.h; path = Objects/RPContact.h; sourceTree = "<group>"; };
		2B201DD9179E03AD00B52E90 /* RPContact.m */ = {isa = PBXFileReference; fileEncoding = 4; lastKnownFileType = sourcecode.c.objc; name = RPContact.m; path = Objects/RPContact.m; sourceTree = "<group>"; };
		2B201DDB179E483F00B52E90 /* RPTransaction.h */ = {isa = PBXFileReference; fileEncoding = 4; lastKnownFileType = sourcecode.c.h; name = RPTransaction.h; path = Objects/RPTransaction.h; sourceTree = "<group>"; };
		2B201DDC179E483F00B52E90 /* RPTransaction.m */ = {isa = PBXFileReference; fileEncoding = 4; lastKnownFileType = sourcecode.c.objc; name = RPTransaction.m; path = Objects/RPTransaction.m; sourceTree = "<group>"; };
		2B201DDE179E497C00B52E90 /* RPTransactionSubscription.h */ = {isa = PBXFileReference; fileEncoding = 4; lastKnownFileType = sourcecode.c.h; name = RPTransactionSubscription.h; path = Objects/RPTransactionSubscription.h; sourceTree = "<group>"; };
		2B201DDF179E497C00B52E90 /* RPTransactionSubscription.m */ = {isa = PBXFileReference; fileEncoding = 4; lastKnownFileType = sourcecode.c.objc; name = RPTransactionSubscription.m; path = Objects/RPTransactionSubscription.m; sourceTree = "<group>"; };
		2B5860BB179764A300200D0C /* Ripple.app */ = {isa = PBXFileReference; explicitFileType = wrapper.application; includeInIndex = 0; path = Ripple.app; sourceTree = BUILT_PRODUCTS_DIR; };
		2B5860BE179764A300200D0C /* UIKit.framework */ = {isa = PBXFileReference; lastKnownFileType = wrapper.framework; name = UIKit.framework; path = System/Library/Frameworks/UIKit.framework; sourceTree = SDKROOT; };
		2B5860C0179764A300200D0C /* Foundation.framework */ = {isa = PBXFileReference; lastKnownFileType = wrapper.framework; name = Foundation.framework; path = System/Library/Frameworks/Foundation.framework; sourceTree = SDKROOT; };
		2B5860C2179764A300200D0C /* CoreGraphics.framework */ = {isa = PBXFileReference; lastKnownFileType = wrapper.framework; name = CoreGraphics.framework; path = System/Library/Frameworks/CoreGraphics.framework; sourceTree = SDKROOT; };
		2B5860C6179764A300200D0C /* Ripple-Info.plist */ = {isa = PBXFileReference; lastKnownFileType = text.plist.xml; path = "Ripple-Info.plist"; sourceTree = "<group>"; };
		2B5860C8179764A300200D0C /* en */ = {isa = PBXFileReference; lastKnownFileType = text.plist.strings; name = en; path = en.lproj/InfoPlist.strings; sourceTree = "<group>"; };
		2B5860CA179764A300200D0C /* main.m */ = {isa = PBXFileReference; lastKnownFileType = sourcecode.c.objc; path = main.m; sourceTree = "<group>"; };
		2B5860CC179764A300200D0C /* Ripple-Prefix.pch */ = {isa = PBXFileReference; lastKnownFileType = sourcecode.c.h; path = "Ripple-Prefix.pch"; sourceTree = "<group>"; };
		2B5860CD179764A300200D0C /* AppDelegate.h */ = {isa = PBXFileReference; lastKnownFileType = sourcecode.c.h; path = AppDelegate.h; sourceTree = "<group>"; };
		2B5860CE179764A300200D0C /* AppDelegate.m */ = {isa = PBXFileReference; lastKnownFileType = sourcecode.c.objc; path = AppDelegate.m; sourceTree = "<group>"; };
		2B5860D0179764A300200D0C /* Default.png */ = {isa = PBXFileReference; lastKnownFileType = image.png; path = Default.png; sourceTree = "<group>"; };
		2B5860D2179764A300200D0C /* Default@2x.png */ = {isa = PBXFileReference; lastKnownFileType = image.png; path = "Default@2x.png"; sourceTree = "<group>"; };
		2B5860D4179764A300200D0C /* Default-568h@2x.png */ = {isa = PBXFileReference; lastKnownFileType = image.png; path = "Default-568h@2x.png"; sourceTree = "<group>"; };
		2B5860D7179764A300200D0C /* en */ = {isa = PBXFileReference; lastKnownFileType = file.storyboard; name = en; path = en.lproj/MainStoryboard_iPhone.storyboard; sourceTree = "<group>"; };
		2B5860DA179764A300200D0C /* en */ = {isa = PBXFileReference; lastKnownFileType = file.storyboard; name = en; path = en.lproj/MainStoryboard_iPad.storyboard; sourceTree = "<group>"; };
		2B5860DC179764A300200D0C /* ViewController.h */ = {isa = PBXFileReference; lastKnownFileType = sourcecode.c.h; path = ViewController.h; sourceTree = "<group>"; };
		2B5860DD179764A300200D0C /* ViewController.m */ = {isa = PBXFileReference; lastKnownFileType = sourcecode.c.objc; path = ViewController.m; sourceTree = "<group>"; };
		2B5860E4179764A300200D0C /* RippleTests.octest */ = {isa = PBXFileReference; explicitFileType = wrapper.cfbundle; includeInIndex = 0; path = RippleTests.octest; sourceTree = BUILT_PRODUCTS_DIR; };
		2B5860E5179764A300200D0C /* SenTestingKit.framework */ = {isa = PBXFileReference; lastKnownFileType = wrapper.framework; name = SenTestingKit.framework; path = Library/Frameworks/SenTestingKit.framework; sourceTree = DEVELOPER_DIR; };
		2B5860ED179764A300200D0C /* RippleTests-Info.plist */ = {isa = PBXFileReference; lastKnownFileType = text.plist.xml; path = "RippleTests-Info.plist"; sourceTree = "<group>"; };
		2B5860EF179764A300200D0C /* en */ = {isa = PBXFileReference; lastKnownFileType = text.plist.strings; name = en; path = en.lproj/InfoPlist.strings; sourceTree = "<group>"; };
		2B5860F1179764A300200D0C /* RippleTests.h */ = {isa = PBXFileReference; lastKnownFileType = sourcecode.c.h; path = RippleTests.h; sourceTree = "<group>"; };
		2B5860F2179764A300200D0C /* RippleTests.m */ = {isa = PBXFileReference; lastKnownFileType = sourcecode.c.objc; path = RippleTests.m; sourceTree = "<group>"; };
		2B5860FD1797672E00200D0C /* RippleJSManager.h */ = {isa = PBXFileReference; fileEncoding = 4; lastKnownFileType = sourcecode.c.h; name = RippleJSManager.h; path = Managers/RippleJSManager.h; sourceTree = "<group>"; };
		2B5860FE1797672E00200D0C /* RippleJSManager.m */ = {isa = PBXFileReference; fileEncoding = 4; lastKnownFileType = sourcecode.c.objc; name = RippleJSManager.m; path = Managers/RippleJSManager.m; sourceTree = "<group>"; };
		2B5861021797678C00200D0C /* WebViewJavascriptBridge.h */ = {isa = PBXFileReference; fileEncoding = 4; lastKnownFileType = sourcecode.c.h; path = WebViewJavascriptBridge.h; sourceTree = "<group>"; };
		2B5861031797678C00200D0C /* WebViewJavascriptBridge.js.txt */ = {isa = PBXFileReference; fileEncoding = 4; lastKnownFileType = text; path = WebViewJavascriptBridge.js.txt; sourceTree = "<group>"; };
		2B5861041797678C00200D0C /* WebViewJavascriptBridge.m */ = {isa = PBXFileReference; fileEncoding = 4; lastKnownFileType = sourcecode.c.objc; path = WebViewJavascriptBridge.m; sourceTree = "<group>"; };
		2B586126179769C500200D0C /* ripple-lib-wrapper.js */ = {isa = PBXFileReference; fileEncoding = 4; lastKnownFileType = sourcecode.javascript; path = "ripple-lib-wrapper.js"; sourceTree = "<group>"; };
		2B58613F1797806E00200D0C /* RPAccountData.h */ = {isa = PBXFileReference; fileEncoding = 4; lastKnownFileType = sourcecode.c.h; name = RPAccountData.h; path = Objects/RPAccountData.h; sourceTree = "<group>"; };
		2B5861401797806E00200D0C /* RPAccountData.m */ = {isa = PBXFileReference; fileEncoding = 4; lastKnownFileType = sourcecode.c.objc; name = RPAccountData.m; path = Objects/RPAccountData.m; sourceTree = "<group>"; };
		2B5861431797813000200D0C /* NSObject+KJSerializer.h */ = {isa = PBXFileReference; fileEncoding = 4; lastKnownFileType = sourcecode.c.h; path = "NSObject+KJSerializer.h"; sourceTree = "<group>"; };
		2B5861441797813000200D0C /* NSObject+KJSerializer.m */ = {isa = PBXFileReference; fileEncoding = 4; lastKnownFileType = sourcecode.c.objc; path = "NSObject+KJSerializer.m"; sourceTree = "<group>"; };
		2B5861461797879700200D0C /* RPLedgerClosed.h */ = {isa = PBXFileReference; fileEncoding = 4; lastKnownFileType = sourcecode.c.h; name = RPLedgerClosed.h; path = Objects/RPLedgerClosed.h; sourceTree = "<group>"; };
		2B5861471797879700200D0C /* RPLedgerClosed.m */ = {isa = PBXFileReference; fileEncoding = 4; lastKnownFileType = sourcecode.c.objc; name = RPLedgerClosed.m; path = Objects/RPLedgerClosed.m; sourceTree = "<group>"; };
		2B58614B1797B83300200D0C /* RPError.h */ = {isa = PBXFileReference; fileEncoding = 4; lastKnownFileType = sourcecode.c.h; name = RPError.h; path = Objects/RPError.h; sourceTree = "<group>"; };
		2B58614C1797B83400200D0C /* RPError.m */ = {isa = PBXFileReference; fileEncoding = 4; lastKnownFileType = sourcecode.c.objc; name = RPError.m; path = Objects/RPError.m; sourceTree = "<group>"; };
		2B58614F1798AB0800200D0C /* NSString+Hashes.h */ = {isa = PBXFileReference; fileEncoding = 4; lastKnownFileType = sourcecode.c.h; path = "NSString+Hashes.h"; sourceTree = "<group>"; };
		2B5861501798AB0800200D0C /* NSString+Hashes.m */ = {isa = PBXFileReference; fileEncoding = 4; lastKnownFileType = sourcecode.c.objc; path = "NSString+Hashes.m"; sourceTree = "<group>"; };
		2B5861541798AB3D00200D0C /* AFHTTPClient.h */ = {isa = PBXFileReference; fileEncoding = 4; lastKnownFileType = sourcecode.c.h; path = AFHTTPClient.h; sourceTree = "<group>"; };
		2B5861551798AB3D00200D0C /* AFHTTPClient.m */ = {isa = PBXFileReference; fileEncoding = 4; lastKnownFileType = sourcecode.c.objc; path = AFHTTPClient.m; sourceTree = "<group>"; };
		2B5861561798AB3D00200D0C /* AFHTTPRequestOperation.h */ = {isa = PBXFileReference; fileEncoding = 4; lastKnownFileType = sourcecode.c.h; path = AFHTTPRequestOperation.h; sourceTree = "<group>"; };
		2B5861571798AB3D00200D0C /* AFHTTPRequestOperation.m */ = {isa = PBXFileReference; fileEncoding = 4; lastKnownFileType = sourcecode.c.objc; path = AFHTTPRequestOperation.m; sourceTree = "<group>"; };
		2B5861581798AB3D00200D0C /* AFImageRequestOperation.h */ = {isa = PBXFileReference; fileEncoding = 4; lastKnownFileType = sourcecode.c.h; path = AFImageRequestOperation.h; sourceTree = "<group>"; };
		2B5861591798AB3D00200D0C /* AFImageRequestOperation.m */ = {isa = PBXFileReference; fileEncoding = 4; lastKnownFileType = sourcecode.c.objc; path = AFImageRequestOperation.m; sourceTree = "<group>"; };
		2B58615A1798AB3D00200D0C /* AFJSONRequestOperation.h */ = {isa = PBXFileReference; fileEncoding = 4; lastKnownFileType = sourcecode.c.h; path = AFJSONRequestOperation.h; sourceTree = "<group>"; };
		2B58615B1798AB3D00200D0C /* AFJSONRequestOperation.m */ = {isa = PBXFileReference; fileEncoding = 4; lastKnownFileType = sourcecode.c.objc; path = AFJSONRequestOperation.m; sourceTree = "<group>"; };
		2B58615C1798AB3D00200D0C /* AFNetworkActivityIndicatorManager.h */ = {isa = PBXFileReference; fileEncoding = 4; lastKnownFileType = sourcecode.c.h; path = AFNetworkActivityIndicatorManager.h; sourceTree = "<group>"; };
		2B58615D1798AB3D00200D0C /* AFNetworkActivityIndicatorManager.m */ = {isa = PBXFileReference; fileEncoding = 4; lastKnownFileType = sourcecode.c.objc; path = AFNetworkActivityIndicatorManager.m; sourceTree = "<group>"; };
		2B58615E1798AB3D00200D0C /* AFNetworking.h */ = {isa = PBXFileReference; fileEncoding = 4; lastKnownFileType = sourcecode.c.h; path = AFNetworking.h; sourceTree = "<group>"; };
		2B58615F1798AB3D00200D0C /* AFPropertyListRequestOperation.h */ = {isa = PBXFileReference; fileEncoding = 4; lastKnownFileType = sourcecode.c.h; path = AFPropertyListRequestOperation.h; sourceTree = "<group>"; };
		2B5861601798AB3D00200D0C /* AFPropertyListRequestOperation.m */ = {isa = PBXFileReference; fileEncoding = 4; lastKnownFileType = sourcecode.c.objc; path = AFPropertyListRequestOperation.m; sourceTree = "<group>"; };
		2B5861611798AB3D00200D0C /* AFURLConnectionOperation.h */ = {isa = PBXFileReference; fileEncoding = 4; lastKnownFileType = sourcecode.c.h; path = AFURLConnectionOperation.h; sourceTree = "<group>"; };
		2B5861621798AB3D00200D0C /* AFURLConnectionOperation.m */ = {isa = PBXFileReference; fileEncoding = 4; lastKnownFileType = sourcecode.c.objc; path = AFURLConnectionOperation.m; sourceTree = "<group>"; };
		2B5861631798AB3D00200D0C /* AFXMLRequestOperation.h */ = {isa = PBXFileReference; fileEncoding = 4; lastKnownFileType = sourcecode.c.h; path = AFXMLRequestOperation.h; sourceTree = "<group>"; };
		2B5861641798AB3D00200D0C /* AFXMLRequestOperation.m */ = {isa = PBXFileReference; fileEncoding = 4; lastKnownFileType = sourcecode.c.objc; path = AFXMLRequestOperation.m; sourceTree = "<group>"; };
		2B5861651798AB3D00200D0C /* UIImageView+AFNetworking.h */ = {isa = PBXFileReference; fileEncoding = 4; lastKnownFileType = sourcecode.c.h; path = "UIImageView+AFNetworking.h"; sourceTree = "<group>"; };
		2B5861661798AB3D00200D0C /* UIImageView+AFNetworking.m */ = {isa = PBXFileReference; fileEncoding = 4; lastKnownFileType = sourcecode.c.objc; path = "UIImageView+AFNetworking.m"; sourceTree = "<group>"; };
		2B5861721798AB8800200D0C /* RPVaultClient.h */ = {isa = PBXFileReference; fileEncoding = 4; lastKnownFileType = sourcecode.c.h; name = RPVaultClient.h; path = HTTP/RPVaultClient.h; sourceTree = "<group>"; };
		2B5861731798AB8800200D0C /* RPVaultClient.m */ = {isa = PBXFileReference; fileEncoding = 4; lastKnownFileType = sourcecode.c.objc; name = RPVaultClient.m; path = HTTP/RPVaultClient.m; sourceTree = "<group>"; };
		2B5861761798AE3300200D0C /* NSData+Conversion.h */ = {isa = PBXFileReference; fileEncoding = 4; lastKnownFileType = sourcecode.c.h; path = "NSData+Conversion.h"; sourceTree = "<group>"; };
		2B5861771798AE3300200D0C /* NSData+Conversion.m */ = {isa = PBXFileReference; fileEncoding = 4; lastKnownFileType = sourcecode.c.objc; path = "NSData+Conversion.m"; sourceTree = "<group>"; };
		2B58617A1799E46A00200D0C /* RPGlobals.h */ = {isa = PBXFileReference; fileEncoding = 4; lastKnownFileType = sourcecode.c.h; path = RPGlobals.h; sourceTree = "<group>"; };
		2B58617D1799E5DC00200D0C /* Base64.h */ = {isa = PBXFileReference; fileEncoding = 4; lastKnownFileType = sourcecode.c.h; path = Base64.h; sourceTree = "<group>"; };
		2B58617E1799E5DC00200D0C /* Base64.m */ = {isa = PBXFileReference; fileEncoding = 4; lastKnownFileType = sourcecode.c.objc; path = Base64.m; sourceTree = "<group>"; };
		2B5861811799EA1E00200D0C /* .gitignore */ = {isa = PBXFileReference; fileEncoding = 4; lastKnownFileType = text; path = .gitignore; sourceTree = "<group>"; };
		2B5861821799EA1E00200D0C /* AESCrypt.h */ = {isa = PBXFileReference; fileEncoding = 4; lastKnownFileType = sourcecode.c.h; path = AESCrypt.h; sourceTree = "<group>"; };
		2B5861831799EA1E00200D0C /* AESCrypt.m */ = {isa = PBXFileReference; fileEncoding = 4; lastKnownFileType = sourcecode.c.objc; path = AESCrypt.m; sourceTree = "<group>"; };
		2B5861841799EA1E00200D0C /* LICENSE */ = {isa = PBXFileReference; fileEncoding = 4; lastKnownFileType = text; path = LICENSE; sourceTree = "<group>"; };
		2B5861851799EA1E00200D0C /* NSData+Base64.h */ = {isa = PBXFileReference; fileEncoding = 4; lastKnownFileType = sourcecode.c.h; path = "NSData+Base64.h"; sourceTree = "<group>"; };
		2B5861861799EA1E00200D0C /* NSData+Base64.m */ = {isa = PBXFileReference; fileEncoding = 4; lastKnownFileType = sourcecode.c.objc; path = "NSData+Base64.m"; sourceTree = "<group>"; };
		2B5861871799EA1E00200D0C /* NSData+CommonCrypto.h */ = {isa = PBXFileReference; fileEncoding = 4; lastKnownFileType = sourcecode.c.h; path = "NSData+CommonCrypto.h"; sourceTree = "<group>"; };
		2B5861881799EA1E00200D0C /* NSData+CommonCrypto.m */ = {isa = PBXFileReference; fileEncoding = 4; lastKnownFileType = sourcecode.c.objc; path = "NSData+CommonCrypto.m"; sourceTree = "<group>"; };
		2B5861891799EA1E00200D0C /* NSString+Base64.h */ = {isa = PBXFileReference; fileEncoding = 4; lastKnownFileType = sourcecode.c.h; path = "NSString+Base64.h"; sourceTree = "<group>"; };
		2B58618A1799EA1E00200D0C /* NSString+Base64.m */ = {isa = PBXFileReference; fileEncoding = 4; lastKnownFileType = sourcecode.c.objc; path = "NSString+Base64.m"; sourceTree = "<group>"; };
		2B58618B1799EA1E00200D0C /* README.md */ = {isa = PBXFileReference; fileEncoding = 4; lastKnownFileType = text; path = README.md; sourceTree = "<group>"; };
		2B5861941799EC7000200D0C /* sjcl.js */ = {isa = PBXFileReference; fileEncoding = 4; lastKnownFileType = sourcecode.javascript; path = sjcl.js; sourceTree = "<group>"; };
		2B586197179A0A8400200D0C /* RPAccountLine.h */ = {isa = PBXFileReference; fileEncoding = 4; lastKnownFileType = sourcecode.c.h; name = RPAccountLine.h; path = Objects/RPAccountLine.h; sourceTree = "<group>"; };
		2B586198179A0A8400200D0C /* RPAccountLine.m */ = {isa = PBXFileReference; fileEncoding = 4; lastKnownFileType = sourcecode.c.objc; name = RPAccountLine.m; path = Objects/RPAccountLine.m; sourceTree = "<group>"; };
		2B58619A179A192A00200D0C /* SystemConfiguration.framework */ = {isa = PBXFileReference; lastKnownFileType = wrapper.framework; name = SystemConfiguration.framework; path = System/Library/Frameworks/SystemConfiguration.framework; sourceTree = SDKROOT; };
		2B58619C179A193000200D0C /* MobileCoreServices.framework */ = {isa = PBXFileReference; lastKnownFileType = wrapper.framework; name = MobileCoreServices.framework; path = System/Library/Frameworks/MobileCoreServices.framework; sourceTree = SDKROOT; };
		2B58F782179F68F0009AEEEA /* SendGenericViewController.h */ = {isa = PBXFileReference; fileEncoding = 4; lastKnownFileType = sourcecode.c.h; name = SendGenericViewController.h; path = iPhoneViewControllers/SendGenericViewController.h; sourceTree = "<group>"; };
		2B58F783179F68F0009AEEEA /* SendGenericViewController.m */ = {isa = PBXFileReference; fileEncoding = 4; lastKnownFileType = sourcecode.c.objc; name = SendGenericViewController.m; path = iPhoneViewControllers/SendGenericViewController.m; sourceTree = "<group>"; };
		2B58F785179F70A5009AEEEA /* SendAmountViewController.h */ = {isa = PBXFileReference; fileEncoding = 4; lastKnownFileType = sourcecode.c.h; name = SendAmountViewController.h; path = iPhoneViewControllers/SendAmountViewController.h; sourceTree = "<group>"; };
		2B58F786179F70A5009AEEEA /* SendAmountViewController.m */ = {isa = PBXFileReference; fileEncoding = 4; lastKnownFileType = sourcecode.c.objc; name = SendAmountViewController.m; path = iPhoneViewControllers/SendAmountViewController.m; sourceTree = "<group>"; };
		2B58F788179F71EB009AEEEA /* RPNewTransaction.h */ = {isa = PBXFileReference; fileEncoding = 4; lastKnownFileType = sourcecode.c.h; name = RPNewTransaction.h; path = Objects/RPNewTransaction.h; sourceTree = "<group>"; };
		2B58F789179F71EB009AEEEA /* RPNewTransaction.m */ = {isa = PBXFileReference; fileEncoding = 4; lastKnownFileType = sourcecode.c.objc; name = RPNewTransaction.m; path = Objects/RPNewTransaction.m; sourceTree = "<group>"; };
		2B58F78B179F943D009AEEEA /* Ripple-Icon-57.png */ = {isa = PBXFileReference; lastKnownFileType = image.png; path = "Ripple-Icon-57.png"; sourceTree = SOURCE_ROOT; };
		2B58F78D179F9444009AEEEA /* Ripple-Icon-114.png */ = {isa = PBXFileReference; lastKnownFileType = image.png; path = "Ripple-Icon-114.png"; sourceTree = SOURCE_ROOT; };
		2B58F7C0179F9D2F009AEEEA /* ReceiveViewController.h */ = {isa = PBXFileReference; fileEncoding = 4; lastKnownFileType = sourcecode.c.h; name = ReceiveViewController.h; path = iPhoneViewControllers/ReceiveViewController.h; sourceTree = "<group>"; };
		2B58F7C1179F9D2F009AEEEA /* ReceiveViewController.mm */ = {isa = PBXFileReference; fileEncoding = 4; lastKnownFileType = sourcecode.cpp.objcpp; name = ReceiveViewController.mm; path = iPhoneViewControllers/ReceiveViewController.mm; sourceTree = "<group>"; };
		2B58F7CC179F9DF8009AEEEA /* QRCodeEncoderObjectiveCAtGithub.xcodeproj */ = {isa = PBXFileReference; lastKnownFileType = "wrapper.pb-project"; name = QRCodeEncoderObjectiveCAtGithub.xcodeproj; path = "QR-Code-Encoder-for-Objective-C/QRCodeEncoderObjectiveCAtGithub.xcodeproj"; sourceTree = "<group>"; };
		2B58F7E717A07D6F009AEEEA /* Decoder.h */ = {isa = PBXFileReference; fileEncoding = 4; lastKnownFileType = sourcecode.c.h; path = Decoder.h; sourceTree = "<group>"; };
		2B58F7E817A07D6F009AEEEA /* Exception.h */ = {isa = PBXFileReference; fileEncoding = 4; lastKnownFileType = sourcecode.c.h; path = Exception.h; sourceTree = "<group>"; };
		2B58F7E917A07D6F009AEEEA /* Image.h */ = {isa = PBXFileReference; fileEncoding = 4; lastKnownFileType = sourcecode.c.h; path = Image.h; sourceTree = "<group>"; };
		2B58F7EA17A07D6F009AEEEA /* ImageScanner.h */ = {isa = PBXFileReference; fileEncoding = 4; lastKnownFileType = sourcecode.c.h; path = ImageScanner.h; sourceTree = "<group>"; };
		2B58F7EB17A07D6F009AEEEA /* Processor.h */ = {isa = PBXFileReference; fileEncoding = 4; lastKnownFileType = sourcecode.c.h; path = Processor.h; sourceTree = "<group>"; };
		2B58F7EC17A07D6F009AEEEA /* Scanner.h */ = {isa = PBXFileReference; fileEncoding = 4; lastKnownFileType = sourcecode.c.h; path = Scanner.h; sourceTree = "<group>"; };
		2B58F7ED17A07D6F009AEEEA /* Symbol.h */ = {isa = PBXFileReference; fileEncoding = 4; lastKnownFileType = sourcecode.c.h; path = Symbol.h; sourceTree = "<group>"; };
		2B58F7EE17A07D6F009AEEEA /* Video.h */ = {isa = PBXFileReference; fileEncoding = 4; lastKnownFileType = sourcecode.c.h; path = Video.h; sourceTree = "<group>"; };
		2B58F7EF17A07D6F009AEEEA /* Window.h */ = {isa = PBXFileReference; fileEncoding = 4; lastKnownFileType = sourcecode.c.h; path = Window.h; sourceTree = "<group>"; };
		2B58F7F017A07D6F009AEEEA /* zbar.h */ = {isa = PBXFileReference; fileEncoding = 4; lastKnownFileType = sourcecode.c.h; path = zbar.h; sourceTree = "<group>"; };
		2B58F7F117A07D6F009AEEEA /* ZBarCameraSimulator.h */ = {isa = PBXFileReference; fileEncoding = 4; lastKnownFileType = sourcecode.c.h; path = ZBarCameraSimulator.h; sourceTree = "<group>"; };
		2B58F7F217A07D6F009AEEEA /* ZBarCaptureReader.h */ = {isa = PBXFileReference; fileEncoding = 4; lastKnownFileType = sourcecode.c.h; path = ZBarCaptureReader.h; sourceTree = "<group>"; };
		2B58F7F317A07D6F009AEEEA /* ZBarHelpController.h */ = {isa = PBXFileReference; fileEncoding = 4; lastKnownFileType = sourcecode.c.h; path = ZBarHelpController.h; sourceTree = "<group>"; };
		2B58F7F417A07D6F009AEEEA /* ZBarImage.h */ = {isa = PBXFileReference; fileEncoding = 4; lastKnownFileType = sourcecode.c.h; path = ZBarImage.h; sourceTree = "<group>"; };
		2B58F7F517A07D6F009AEEEA /* ZBarImageScanner.h */ = {isa = PBXFileReference; fileEncoding = 4; lastKnownFileType = sourcecode.c.h; path = ZBarImageScanner.h; sourceTree = "<group>"; };
		2B58F7F617A07D6F009AEEEA /* ZBarReaderController.h */ = {isa = PBXFileReference; fileEncoding = 4; lastKnownFileType = sourcecode.c.h; path = ZBarReaderController.h; sourceTree = "<group>"; };
		2B58F7F717A07D6F009AEEEA /* ZBarReaderView.h */ = {isa = PBXFileReference; fileEncoding = 4; lastKnownFileType = sourcecode.c.h; path = ZBarReaderView.h; sourceTree = "<group>"; };
		2B58F7F817A07D6F009AEEEA /* ZBarReaderViewController.h */ = {isa = PBXFileReference; fileEncoding = 4; lastKnownFileType = sourcecode.c.h; path = ZBarReaderViewController.h; sourceTree = "<group>"; };
		2B58F7F917A07D6F009AEEEA /* ZBarSDK.h */ = {isa = PBXFileReference; fileEncoding = 4; lastKnownFileType = sourcecode.c.h; path = ZBarSDK.h; sourceTree = "<group>"; };
		2B58F7FA17A07D6F009AEEEA /* ZBarSymbol.h */ = {isa = PBXFileReference; fileEncoding = 4; lastKnownFileType = sourcecode.c.h; path = ZBarSymbol.h; sourceTree = "<group>"; };
		2B58F7FB17A07D6F009AEEEA /* libzbar.a */ = {isa = PBXFileReference; lastKnownFileType = archive.ar; path = libzbar.a; sourceTree = "<group>"; };
		2B58F80617A081B4009AEEEA /* libiconv.dylib */ = {isa = PBXFileReference; lastKnownFileType = "compiled.mach-o.dylib"; name = libiconv.dylib; path = usr/lib/libiconv.dylib; sourceTree = SDKROOT; };
		2B58F80817A081C2009AEEEA /* AVFoundation.framework */ = {isa = PBXFileReference; lastKnownFileType = wrapper.framework; name = AVFoundation.framework; path = System/Library/Frameworks/AVFoundation.framework; sourceTree = SDKROOT; };
		2B58F80A17A081D1009AEEEA /* CoreMedia.framework */ = {isa = PBXFileReference; lastKnownFileType = wrapper.framework; name = CoreMedia.framework; path = System/Library/Frameworks/CoreMedia.framework; sourceTree = SDKROOT; };
		2B58F80C17A08206009AEEEA /* CoreVideo.framework */ = {isa = PBXFileReference; lastKnownFileType = wrapper.framework; name = CoreVideo.framework; path = System/Library/Frameworks/CoreVideo.framework; sourceTree = SDKROOT; };
		2B58F80E17A0D013009AEEEA /* SendWaitingViewController.h */ = {isa = PBXFileReference; fileEncoding = 4; lastKnownFileType = sourcecode.c.h; name = SendWaitingViewController.h; path = iPhoneViewControllers/SendWaitingViewController.h; sourceTree = "<group>"; };
		2B58F80F17A0D013009AEEEA /* SendWaitingViewController.m */ = {isa = PBXFileReference; fileEncoding = 4; lastKnownFileType = sourcecode.c.objc; name = SendWaitingViewController.m; path = iPhoneViewControllers/SendWaitingViewController.m; sourceTree = "<group>"; };
		2B58F81117A0D108009AEEEA /* RippleStatusViewController.h */ = {isa = PBXFileReference; fileEncoding = 4; lastKnownFileType = sourcecode.c.h; name = RippleStatusViewController.h; path = iPhoneViewControllers/RippleStatusViewController.h; sourceTree = "<group>"; };
		2B58F81217A0D108009AEEEA /* RippleStatusViewController.m */ = {isa = PBXFileReference; fileEncoding = 4; lastKnownFileType = sourcecode.c.objc; name = RippleStatusViewController.m; path = iPhoneViewControllers/RippleStatusViewController.m; sourceTree = "<group>"; };
		2B58F81617A1D996009AEEEA /* jsonrewriter.js */ = {isa = PBXFileReference; fileEncoding = 4; lastKnownFileType = sourcecode.javascript; path = jsonrewriter.js; sourceTree = "<group>"; };
		2B58F81D17A1E6A8009AEEEA /* RippleJSManager+Initializer.h */ = {isa = PBXFileReference; fileEncoding = 4; lastKnownFileType = sourcecode.c.h; name = "RippleJSManager+Initializer.h"; path = "Managers/WrapperCategory/RippleJSManager+Initializer.h"; sourceTree = "<group>"; };
		2B58F81E17A1E6A8009AEEEA /* RippleJSManager+Initializer.m */ = {isa = PBXFileReference; fileEncoding = 4; lastKnownFileType = sourcecode.c.objc; name = "RippleJSManager+Initializer.m"; path = "Managers/WrapperCategory/RippleJSManager+Initializer.m"; sourceTree = "<group>"; };
		2B58F82017A1E879009AEEEA /* RippleJSManager+AccountInfo.h */ = {isa = PBXFileReference; fileEncoding = 4; lastKnownFileType = sourcecode.c.h; name = "RippleJSManager+AccountInfo.h"; path = "Managers/WrapperCategory/RippleJSManager+AccountInfo.h"; sourceTree = "<group>"; };
		2B58F82117A1E879009AEEEA /* RippleJSManager+AccountInfo.m */ = {isa = PBXFileReference; fileEncoding = 4; lastKnownFileType = sourcecode.c.objc; name = "RippleJSManager+AccountInfo.m"; path = "Managers/WrapperCategory/RippleJSManager+AccountInfo.m"; sourceTree = "<group>"; };
		2B58F82317A1EA6D009AEEEA /* RippleJSManager+AccountLines.h */ = {isa = PBXFileReference; fileEncoding = 4; lastKnownFileType = sourcecode.c.h; name = "RippleJSManager+AccountLines.h"; path = "Managers/WrapperCategory/RippleJSManager+AccountLines.h"; sourceTree = "<group>"; };
		2B58F82417A1EA6D009AEEEA /* RippleJSManager+AccountLines.m */ = {isa = PBXFileReference; fileEncoding = 4; lastKnownFileType = sourcecode.c.objc; name = "RippleJSManager+AccountLines.m"; path = "Managers/WrapperCategory/RippleJSManager+AccountLines.m"; sourceTree = "<group>"; };
		2B58F82617A1EBBD009AEEEA /* RippleJSManager+AccountTx.h */ = {isa = PBXFileReference; fileEncoding = 4; lastKnownFileType = sourcecode.c.h; name = "RippleJSManager+AccountTx.h"; path = "Managers/WrapperCategory/RippleJSManager+AccountTx.h"; sourceTree = "<group>"; };
		2B58F82717A1EBBE009AEEEA /* RippleJSManager+AccountTx.m */ = {isa = PBXFileReference; fileEncoding = 4; lastKnownFileType = sourcecode.c.objc; name = "RippleJSManager+AccountTx.m"; path = "Managers/WrapperCategory/RippleJSManager+AccountTx.m"; sourceTree = "<group>"; };
		2B58F82917A1ECC2009AEEEA /* RippleJSManager+TransactionCallback.h */ = {isa = PBXFileReference; fileEncoding = 4; lastKnownFileType = sourcecode.c.h; name = "RippleJSManager+TransactionCallback.h"; path = "Managers/WrapperCategory/RippleJSManager+TransactionCallback.h"; sourceTree = "<group>"; };
		2B58F82A17A1ECC3009AEEEA /* RippleJSManager+TransactionCallback.m */ = {isa = PBXFileReference; fileEncoding = 4; lastKnownFileType = sourcecode.c.objc; name = "RippleJSManager+TransactionCallback.m"; path = "Managers/WrapperCategory/RippleJSManager+TransactionCallback.m"; sourceTree = "<group>"; };
		2B58F82F17A1EF02009AEEEA /* RippleJSManager+NetworkStatus.h */ = {isa = PBXFileReference; fileEncoding = 4; lastKnownFileType = sourcecode.c.h; name = "RippleJSManager+NetworkStatus.h"; path = "Managers/WrapperCategory/RippleJSManager+NetworkStatus.h"; sourceTree = "<group>"; };
		2B58F83017A1EF02009AEEEA /* RippleJSManager+NetworkStatus.m */ = {isa = PBXFileReference; fileEncoding = 4; lastKnownFileType = sourcecode.c.objc; name = "RippleJSManager+NetworkStatus.m"; path = "Managers/WrapperCategory/RippleJSManager+NetworkStatus.m"; sourceTree = "<group>"; };
		2B58F83217A1EFA9009AEEEA /* RippleJSManager+Authentication.h */ = {isa = PBXFileReference; fileEncoding = 4; lastKnownFileType = sourcecode.c.h; name = "RippleJSManager+Authentication.h"; path = "Managers/WrapperCategory/RippleJSManager+Authentication.h"; sourceTree = "<group>"; };
		2B58F83317A1EFA9009AEEEA /* RippleJSManager+Authentication.m */ = {isa = PBXFileReference; fileEncoding = 4; lastKnownFileType = sourcecode.c.objc; name = "RippleJSManager+Authentication.m"; path = "Managers/WrapperCategory/RippleJSManager+Authentication.m"; sourceTree = "<group>"; };
		2B58F83517A1F155009AEEEA /* RippleJSManager+SendTransaction.h */ = {isa = PBXFileReference; fileEncoding = 4; lastKnownFileType = sourcecode.c.h; name = "RippleJSManager+SendTransaction.h"; path = "Managers/WrapperCategory/RippleJSManager+SendTransaction.h"; sourceTree = "<group>"; };
		2B58F83617A1F156009AEEEA /* RippleJSManager+SendTransaction.m */ = {isa = PBXFileReference; fileEncoding = 4; lastKnownFileType = sourcecode.c.objc; name = "RippleJSManager+SendTransaction.m"; path = "Managers/WrapperCategory/RippleJSManager+SendTransaction.m"; sourceTree = "<group>"; };
		2B58F83817A1FAE8009AEEEA /* RippleJSManager+AccountOffers.h */ = {isa = PBXFileReference; fileEncoding = 4; lastKnownFileType = sourcecode.c.h; name = "RippleJSManager+AccountOffers.h"; path = "Managers/WrapperCategory/RippleJSManager+AccountOffers.h"; sourceTree = "<group>"; };
		2B58F83917A1FAE9009AEEEA /* RippleJSManager+AccountOffers.m */ = {isa = PBXFileReference; fileEncoding = 4; lastKnownFileType = sourcecode.c.objc; name = "RippleJSManager+AccountOffers.m"; path = "Managers/WrapperCategory/RippleJSManager+AccountOffers.m"; sourceTree = "<group>"; };
		2B58F83B17A1FD0B009AEEEA /* RippleJSManager+Ledger.h */ = {isa = PBXFileReference; fileEncoding = 4; lastKnownFileType = sourcecode.c.h; name = "RippleJSManager+Ledger.h"; path = "Managers/WrapperCategory/RippleJSManager+Ledger.h"; sourceTree = "<group>"; };
		2B58F83C17A1FD0B009AEEEA /* RippleJSManager+Ledger.m */ = {isa = PBXFileReference; fileEncoding = 4; lastKnownFileType = sourcecode.c.objc; name = "RippleJSManager+Ledger.m"; path = "Managers/WrapperCategory/RippleJSManager+Ledger.m"; sourceTree = "<group>"; };
		2B66B04817AF871400CC3523 /* RPAvailablePath.h */ = {isa = PBXFileReference; fileEncoding = 4; lastKnownFileType = sourcecode.c.h; name = RPAvailablePath.h; path = Objects/RPAvailablePath.h; sourceTree = "<group>"; };
		2B66B04917AF871400CC3523 /* RPAvailablePath.m */ = {isa = PBXFileReference; fileEncoding = 4; lastKnownFileType = sourcecode.c.objc; name = RPAvailablePath.m; path = Objects/RPAvailablePath.m; sourceTree = "<group>"; };
		2B66B04D17AF971E00CC3523 /* arrow.png */ = {isa = PBXFileReference; lastKnownFileType = image.png; path = arrow.png; sourceTree = "<group>"; };
		2B66B04E17AF971E00CC3523 /* arrow@2x.png */ = {isa = PBXFileReference; lastKnownFileType = image.png; path = "arrow@2x.png"; sourceTree = "<group>"; };
		2B66B04F17AF971E00CC3523 /* btn_send_down.png */ = {isa = PBXFileReference; lastKnownFileType = image.png; path = btn_send_down.png; sourceTree = "<group>"; };
		2B66B05017AF971E00CC3523 /* btn_send_down@2x.png */ = {isa = PBXFileReference; lastKnownFileType = image.png; path = "btn_send_down@2x.png"; sourceTree = "<group>"; };
		2B66B05117AF971E00CC3523 /* btn_send_up.png */ = {isa = PBXFileReference; lastKnownFileType = image.png; path = btn_send_up.png; sourceTree = "<group>"; };
		2B66B05217AF971E00CC3523 /* btn_send_up@2x.png */ = {isa = PBXFileReference; lastKnownFileType = image.png; path = "btn_send_up@2x.png"; sourceTree = "<group>"; };
		2B66B05317AF971E00CC3523 /* btn_white_down.png */ = {isa = PBXFileReference; lastKnownFileType = image.png; path = btn_white_down.png; sourceTree = "<group>"; };
		2B66B05417AF971E00CC3523 /* btn_white_down@2x.png */ = {isa = PBXFileReference; lastKnownFileType = image.png; path = "btn_white_down@2x.png"; sourceTree = "<group>"; };
		2B66B05517AF971E00CC3523 /* btn_white_up.png */ = {isa = PBXFileReference; lastKnownFileType = image.png; path = btn_white_up.png; sourceTree = "<group>"; };
		2B66B05617AF971E00CC3523 /* btn_white_up@2x.png */ = {isa = PBXFileReference; lastKnownFileType = image.png; path = "btn_white_up@2x.png"; sourceTree = "<group>"; };
		2B66B05717AF971E00CC3523 /* send_amt.png */ = {isa = PBXFileReference; lastKnownFileType = image.png; path = send_amt.png; sourceTree = "<group>"; };
		2B66B05817AF971E00CC3523 /* send_amt@2x.png */ = {isa = PBXFileReference; lastKnownFileType = image.png; path = "send_amt@2x.png"; sourceTree = "<group>"; };
		2B66B05917AF971E00CC3523 /* signin_logo.png */ = {isa = PBXFileReference; lastKnownFileType = image.png; path = signin_logo.png; sourceTree = "<group>"; };
		2B66B05A17AF971E00CC3523 /* signin_logo@2x.png */ = {isa = PBXFileReference; lastKnownFileType = image.png; path = "signin_logo@2x.png"; sourceTree = "<group>"; };
		2B66B05B17AF971E00CC3523 /* top_logo.png */ = {isa = PBXFileReference; lastKnownFileType = image.png; path = top_logo.png; sourceTree = "<group>"; };
		2B66B05C17AF971E00CC3523 /* top_logo@2x.png */ = {isa = PBXFileReference; lastKnownFileType = image.png; path = "top_logo@2x.png"; sourceTree = "<group>"; };
		2BE6DA9817A72278008CAC64 /* SendCurrencyViewController.h */ = {isa = PBXFileReference; fileEncoding = 4; lastKnownFileType = sourcecode.c.h; name = SendCurrencyViewController.h; path = iPhoneViewControllers/SendCurrencyViewController.h; sourceTree = "<group>"; };
		2BE6DA9917A72278008CAC64 /* SendCurrencyViewController.m */ = {isa = PBXFileReference; fileEncoding = 4; lastKnownFileType = sourcecode.c.objc; name = SendCurrencyViewController.m; path = iPhoneViewControllers/SendCurrencyViewController.m; sourceTree = "<group>"; };
		2BE6DA9B17A748BA008CAC64 /* SendPathsViewController.h */ = {isa = PBXFileReference; fileEncoding = 4; lastKnownFileType = sourcecode.c.h; name = SendPathsViewController.h; path = iPhoneViewControllers/SendPathsViewController.h; sourceTree = "<group>"; };
		2BE6DA9C17A748BA008CAC64 /* SendPathsViewController.m */ = {isa = PBXFileReference; fileEncoding = 4; lastKnownFileType = sourcecode.c.objc; name = SendPathsViewController.m; path = iPhoneViewControllers/SendPathsViewController.m; sourceTree = "<group>"; };
		2BE8F63B17A9DB2C00372FCB /* ripple-0.7.18-min.js */ = {isa = PBXFileReference; fileEncoding = 4; lastKnownFileType = sourcecode.javascript; path = "ripple-0.7.18-min.js"; sourceTree = "<group>"; };
		2BE8F64017A9EF9100372FCB /* RPHelper.h */ = {isa = PBXFileReference; fileEncoding = 4; lastKnownFileType = sourcecode.c.h; name = RPHelper.h; path = Helpers/RPHelper.h; sourceTree = "<group>"; };
		2BE8F64117A9EF9100372FCB /* RPHelper.m */ = {isa = PBXFileReference; fileEncoding = 4; lastKnownFileType = sourcecode.c.objc; name = RPHelper.m; path = Helpers/RPHelper.m; sourceTree = "<group>"; };
/* End PBXFileReference section */

/* Begin PBXFrameworksBuildPhase section */
		2B5860B8179764A300200D0C /* Frameworks */ = {
			isa = PBXFrameworksBuildPhase;
			buildActionMask = 2147483647;
			files = (
				2B58F80D17A08207009AEEEA /* CoreVideo.framework in Frameworks */,
				2B58F80B17A081D1009AEEEA /* CoreMedia.framework in Frameworks */,
				2B58F80917A081C2009AEEEA /* AVFoundation.framework in Frameworks */,
				2B58F80717A081B4009AEEEA /* libiconv.dylib in Frameworks */,
				2B58F7D7179F9E35009AEEEA /* libqrencoder.a in Frameworks */,
				2B201DC6179D29D000B52E90 /* Security.framework in Frameworks */,
				2B201D1C179D265A00B52E90 /* QuartzCore.framework in Frameworks */,
				2B58619D179A193000200D0C /* MobileCoreServices.framework in Frameworks */,
				2B58619B179A192A00200D0C /* SystemConfiguration.framework in Frameworks */,
				2B5860BF179764A300200D0C /* UIKit.framework in Frameworks */,
				2B5860C1179764A300200D0C /* Foundation.framework in Frameworks */,
				2B5860C3179764A300200D0C /* CoreGraphics.framework in Frameworks */,
				2B58F80117A07D6F009AEEEA /* libzbar.a in Frameworks */,
			);
			runOnlyForDeploymentPostprocessing = 0;
		};
		2B5860E0179764A300200D0C /* Frameworks */ = {
			isa = PBXFrameworksBuildPhase;
			buildActionMask = 2147483647;
			files = (
				2B5860E6179764A300200D0C /* SenTestingKit.framework in Frameworks */,
				2B5860E7179764A300200D0C /* UIKit.framework in Frameworks */,
				2B5860E8179764A300200D0C /* Foundation.framework in Frameworks */,
			);
			runOnlyForDeploymentPostprocessing = 0;
		};
/* End PBXFrameworksBuildPhase section */

/* Begin PBXGroup section */
		2B08036817A320F90095F199 /* Other */ = {
			isa = PBXGroup;
			children = (
				2B08036A17A321510095F199 /* AccountBalanceManager.h */,
				2B08036B17A321510095F199 /* AccountBalanceManager.m */,
				2B08036D17A32DE70095F199 /* AccountHistoryManager.h */,
				2B08036E17A32DE70095F199 /* AccountHistoryManager.m */,
			);
			name = Other;
			sourceTree = "<group>";
		};
		2B201D0A179D22AE00B52E90 /* Images */ = {
			isa = PBXGroup;
			children = (
				2B66B04C17AF971E00CC3523 /* Design elements */,
				2B201D0B179D22AE00B52E90 /* Splash.png */,
				2B201D0C179D22AE00B52E90 /* Splash@2x.png */,
			);
			path = Images;
			sourceTree = "<group>";
		};
		2B201D0F179D235300B52E90 /* iPhone */ = {
			isa = PBXGroup;
			children = (
				2B58F81417A0D115009AEEEA /* Global */,
				2B201D10179D236F00B52E90 /* LoginViewController.h */,
				2B201D11179D236F00B52E90 /* LoginViewController.m */,
				2B201DC7179D2B9F00B52E90 /* BalancesViewController.h */,
				2B201DC8179D2B9F00B52E90 /* BalancesViewController.m */,
				2B201DCA179D36E600B52E90 /* SendTransactionViewController.h */,
				2B201DCB179D36E600B52E90 /* SendTransactionViewController.m */,
				2B58F782179F68F0009AEEEA /* SendGenericViewController.h */,
				2B58F783179F68F0009AEEEA /* SendGenericViewController.m */,
				2BE6DA9817A72278008CAC64 /* SendCurrencyViewController.h */,
				2BE6DA9917A72278008CAC64 /* SendCurrencyViewController.m */,
				2B58F785179F70A5009AEEEA /* SendAmountViewController.h */,
				2B58F786179F70A5009AEEEA /* SendAmountViewController.m */,
				2BE6DA9B17A748BA008CAC64 /* SendPathsViewController.h */,
				2BE6DA9C17A748BA008CAC64 /* SendPathsViewController.m */,
				2B58F80E17A0D013009AEEEA /* SendWaitingViewController.h */,
				2B58F80F17A0D013009AEEEA /* SendWaitingViewController.m */,
				2B58F7C0179F9D2F009AEEEA /* ReceiveViewController.h */,
				2B58F7C1179F9D2F009AEEEA /* ReceiveViewController.mm */,
				2B08037317A335AE0095F199 /* TxViewController.h */,
				2B08037417A335AE0095F199 /* TxViewController.m */,
			);
			name = iPhone;
			sourceTree = "<group>";
		};
		2B201D13179D25C300B52E90 /* SVProgressHUD-master */ = {
			isa = PBXGroup;
			children = (
				2B201D14179D25C300B52E90 /* .gitignore */,
				2B201D15179D25C300B52E90 /* SVProgressHUD.bundle */,
				2B201D16179D25C300B52E90 /* SVProgressHUD.h */,
				2B201D17179D25C300B52E90 /* SVProgressHUD.m */,
			);
			path = "SVProgressHUD-master";
			sourceTree = "<group>";
		};
		2B201DBB179D27C400B52E90 /* SSKeychain */ = {
			isa = PBXGroup;
			children = (
				2B201DBC179D27C400B52E90 /* SSKeychain.strings */,
				2B201DBE179D27C400B52E90 /* SSKeychain.h */,
				2B201DBF179D27C400B52E90 /* SSKeychain.m */,
				2B201DC0179D27C400B52E90 /* SSKeychainQuery.h */,
				2B201DC1179D27C400B52E90 /* SSKeychainQuery.m */,
			);
			name = SSKeychain;
			path = SSKeyChain/SSKeychain;
			sourceTree = "<group>";
		};
		2B5860B2179764A300200D0C = {
			isa = PBXGroup;
			children = (
				2B201D0A179D22AE00B52E90 /* Images */,
				2B5861001797678C00200D0C /* Libraries */,
				2B5860C4179764A300200D0C /* Ripple */,
				2B5860EB179764A300200D0C /* RippleTests */,
				2B5860BD179764A300200D0C /* Frameworks */,
				2B5860BC179764A300200D0C /* Products */,
			);
			sourceTree = "<group>";
		};
		2B5860BC179764A300200D0C /* Products */ = {
			isa = PBXGroup;
			children = (
				2B5860BB179764A300200D0C /* Ripple.app */,
				2B5860E4179764A300200D0C /* RippleTests.octest */,
			);
			name = Products;
			sourceTree = "<group>";
		};
		2B5860BD179764A300200D0C /* Frameworks */ = {
			isa = PBXGroup;
			children = (
				2B58F80C17A08206009AEEEA /* CoreVideo.framework */,
				2B58F80A17A081D1009AEEEA /* CoreMedia.framework */,
				2B58F80817A081C2009AEEEA /* AVFoundation.framework */,
				2B58F80617A081B4009AEEEA /* libiconv.dylib */,
				2B201DC5179D29D000B52E90 /* Security.framework */,
				2B201D1B179D265A00B52E90 /* QuartzCore.framework */,
				2B58619C179A193000200D0C /* MobileCoreServices.framework */,
				2B58619A179A192A00200D0C /* SystemConfiguration.framework */,
				2B5860BE179764A300200D0C /* UIKit.framework */,
				2B5860C0179764A300200D0C /* Foundation.framework */,
				2B5860C2179764A300200D0C /* CoreGraphics.framework */,
				2B5860E5179764A300200D0C /* SenTestingKit.framework */,
			);
			name = Frameworks;
			sourceTree = "<group>";
		};
		2B5860C4179764A300200D0C /* Ripple */ = {
			isa = PBXGroup;
			children = (
				2BE8F63F17A9EF7D00372FCB /* Helpers */,
				2B201D0F179D235300B52E90 /* iPhone */,
				2B5861791799E44C00200D0C /* Globals */,
				2B5861711798AB6700200D0C /* HTTP */,
				2B58613E1797804400200D0C /* Objects */,
				2B5860FC1797670700200D0C /* Managers */,
				2B5860CD179764A300200D0C /* AppDelegate.h */,
				2B5860CE179764A300200D0C /* AppDelegate.m */,
				2B5860D6179764A300200D0C /* MainStoryboard_iPhone.storyboard */,
				2B5860D9179764A300200D0C /* MainStoryboard_iPad.storyboard */,
				2B5860DC179764A300200D0C /* ViewController.h */,
				2B5860DD179764A300200D0C /* ViewController.m */,
				2B5860C5179764A300200D0C /* Supporting Files */,
			);
			path = Ripple;
			sourceTree = "<group>";
		};
		2B5860C5179764A300200D0C /* Supporting Files */ = {
			isa = PBXGroup;
			children = (
				2B58F78D179F9444009AEEEA /* Ripple-Icon-114.png */,
				2B58F78B179F943D009AEEEA /* Ripple-Icon-57.png */,
				2B5860C6179764A300200D0C /* Ripple-Info.plist */,
				2B5860C7179764A300200D0C /* InfoPlist.strings */,
				2B5860CA179764A300200D0C /* main.m */,
				2B5860CC179764A300200D0C /* Ripple-Prefix.pch */,
				2B5860D0179764A300200D0C /* Default.png */,
				2B5860D2179764A300200D0C /* Default@2x.png */,
				2B5860D4179764A300200D0C /* Default-568h@2x.png */,
			);
			name = "Supporting Files";
			sourceTree = "<group>";
		};
		2B5860EB179764A300200D0C /* RippleTests */ = {
			isa = PBXGroup;
			children = (
				2B5860F1179764A300200D0C /* RippleTests.h */,
				2B5860F2179764A300200D0C /* RippleTests.m */,
				2B5860EC179764A300200D0C /* Supporting Files */,
			);
			path = RippleTests;
			sourceTree = "<group>";
		};
		2B5860EC179764A300200D0C /* Supporting Files */ = {
			isa = PBXGroup;
			children = (
				2B5860ED179764A300200D0C /* RippleTests-Info.plist */,
				2B5860EE179764A300200D0C /* InfoPlist.strings */,
			);
			name = "Supporting Files";
			sourceTree = "<group>";
		};
		2B5860FC1797670700200D0C /* Managers */ = {
			isa = PBXGroup;
			children = (
				2B08036817A320F90095F199 /* Other */,
				2B58F81C17A1E61F009AEEEA /* WrapperCategories */,
				2B5860FD1797672E00200D0C /* RippleJSManager.h */,
				2B5860FE1797672E00200D0C /* RippleJSManager.m */,
				2B586126179769C500200D0C /* ripple-lib-wrapper.js */,
			);
			name = Managers;
			sourceTree = "<group>";
		};
		2B5861001797678C00200D0C /* Libraries */ = {
			isa = PBXGroup;
			children = (
				2B58F81517A1D996009AEEEA /* ripple-client */,
				2B58F7E317A07D6F009AEEEA /* ZBarSDK-armv7s */,
				2B58F7CC179F9DF8009AEEEA /* QRCodeEncoderObjectiveCAtGithub.xcodeproj */,
				2B201DBB179D27C400B52E90 /* SSKeychain */,
				2B201D13179D25C300B52E90 /* SVProgressHUD-master */,
				2B5861931799EC6F00200D0C /* SJCL */,
				2B5861801799EA1E00200D0C /* AESCrypt-ObjC-master */,
				2B58617C1799E5DC00200D0C /* Base64 */,
				2B5861751798AE3300200D0C /* NSDataConversion */,
				2B5861521798AB3D00200D0C /* AFNetworking */,
				2B58614E1798AB0800200D0C /* NSString-Hashes-master */,
				2B5861421797813000200D0C /* KJObjectSerialize */,
				2B58613A17976DE700200D0C /* ripple-lib-demo */,
				2B5861011797678C00200D0C /* WebViewJavascriptBridge */,
			);
			path = Libraries;
			sourceTree = SOURCE_ROOT;
		};
		2B5861011797678C00200D0C /* WebViewJavascriptBridge */ = {
			isa = PBXGroup;
			children = (
				2B5861021797678C00200D0C /* WebViewJavascriptBridge.h */,
				2B5861031797678C00200D0C /* WebViewJavascriptBridge.js.txt */,
				2B5861041797678C00200D0C /* WebViewJavascriptBridge.m */,
			);
			path = WebViewJavascriptBridge;
			sourceTree = "<group>";
		};
		2B58613A17976DE700200D0C /* ripple-lib-demo */ = {
			isa = PBXGroup;
			children = (
				2BE8F63B17A9DB2C00372FCB /* ripple-0.7.18-min.js */,
			);
			path = "ripple-lib-demo";
			sourceTree = "<group>";
		};
		2B58613E1797804400200D0C /* Objects */ = {
			isa = PBXGroup;
			children = (
				2B58613F1797806E00200D0C /* RPAccountData.h */,
				2B5861401797806E00200D0C /* RPAccountData.m */,
				2B5861461797879700200D0C /* RPLedgerClosed.h */,
				2B5861471797879700200D0C /* RPLedgerClosed.m */,
				2B58614B1797B83300200D0C /* RPError.h */,
				2B58614C1797B83400200D0C /* RPError.m */,
				2B586197179A0A8400200D0C /* RPAccountLine.h */,
				2B586198179A0A8400200D0C /* RPAccountLine.m */,
				2B201DCD179D3C1500B52E90 /* RPBlobData.h */,
				2B201DCE179D3C1500B52E90 /* RPBlobData.m */,
				2B201DD8179E03AD00B52E90 /* RPContact.h */,
				2B201DD9179E03AD00B52E90 /* RPContact.m */,
				2B201DDB179E483F00B52E90 /* RPTransaction.h */,
				2B201DDC179E483F00B52E90 /* RPTransaction.m */,
				2B201DDE179E497C00B52E90 /* RPTransactionSubscription.h */,
				2B201DDF179E497C00B52E90 /* RPTransactionSubscription.m */,
				2B58F788179F71EB009AEEEA /* RPNewTransaction.h */,
				2B58F789179F71EB009AEEEA /* RPNewTransaction.m */,
				2B08037017A32E660095F199 /* RPTxHistory.h */,
				2B08037117A32E660095F199 /* RPTxHistory.m */,
				2B66B04817AF871400CC3523 /* RPAvailablePath.h */,
				2B66B04917AF871400CC3523 /* RPAvailablePath.m */,
			);
			name = Objects;
			sourceTree = "<group>";
		};
		2B5861421797813000200D0C /* KJObjectSerialize */ = {
			isa = PBXGroup;
			children = (
				2B5861431797813000200D0C /* NSObject+KJSerializer.h */,
				2B5861441797813000200D0C /* NSObject+KJSerializer.m */,
			);
			path = KJObjectSerialize;
			sourceTree = "<group>";
		};
		2B58614E1798AB0800200D0C /* NSString-Hashes-master */ = {
			isa = PBXGroup;
			children = (
				2B58614F1798AB0800200D0C /* NSString+Hashes.h */,
				2B5861501798AB0800200D0C /* NSString+Hashes.m */,
			);
			path = "NSString-Hashes-master";
			sourceTree = "<group>";
		};
		2B5861521798AB3D00200D0C /* AFNetworking */ = {
			isa = PBXGroup;
			children = (
				2B5861541798AB3D00200D0C /* AFHTTPClient.h */,
				2B5861551798AB3D00200D0C /* AFHTTPClient.m */,
				2B5861561798AB3D00200D0C /* AFHTTPRequestOperation.h */,
				2B5861571798AB3D00200D0C /* AFHTTPRequestOperation.m */,
				2B5861581798AB3D00200D0C /* AFImageRequestOperation.h */,
				2B5861591798AB3D00200D0C /* AFImageRequestOperation.m */,
				2B58615A1798AB3D00200D0C /* AFJSONRequestOperation.h */,
				2B58615B1798AB3D00200D0C /* AFJSONRequestOperation.m */,
				2B58615C1798AB3D00200D0C /* AFNetworkActivityIndicatorManager.h */,
				2B58615D1798AB3D00200D0C /* AFNetworkActivityIndicatorManager.m */,
				2B58615E1798AB3D00200D0C /* AFNetworking.h */,
				2B58615F1798AB3D00200D0C /* AFPropertyListRequestOperation.h */,
				2B5861601798AB3D00200D0C /* AFPropertyListRequestOperation.m */,
				2B5861611798AB3D00200D0C /* AFURLConnectionOperation.h */,
				2B5861621798AB3D00200D0C /* AFURLConnectionOperation.m */,
				2B5861631798AB3D00200D0C /* AFXMLRequestOperation.h */,
				2B5861641798AB3D00200D0C /* AFXMLRequestOperation.m */,
				2B5861651798AB3D00200D0C /* UIImageView+AFNetworking.h */,
				2B5861661798AB3D00200D0C /* UIImageView+AFNetworking.m */,
			);
			path = AFNetworking;
			sourceTree = "<group>";
		};
		2B5861711798AB6700200D0C /* HTTP */ = {
			isa = PBXGroup;
			children = (
				2B5861721798AB8800200D0C /* RPVaultClient.h */,
				2B5861731798AB8800200D0C /* RPVaultClient.m */,
			);
			name = HTTP;
			sourceTree = "<group>";
		};
		2B5861751798AE3300200D0C /* NSDataConversion */ = {
			isa = PBXGroup;
			children = (
				2B5861761798AE3300200D0C /* NSData+Conversion.h */,
				2B5861771798AE3300200D0C /* NSData+Conversion.m */,
			);
			path = NSDataConversion;
			sourceTree = "<group>";
		};
		2B5861791799E44C00200D0C /* Globals */ = {
			isa = PBXGroup;
			children = (
				2B58617A1799E46A00200D0C /* RPGlobals.h */,
			);
			name = Globals;
			sourceTree = "<group>";
		};
		2B58617C1799E5DC00200D0C /* Base64 */ = {
			isa = PBXGroup;
			children = (
				2B58617D1799E5DC00200D0C /* Base64.h */,
				2B58617E1799E5DC00200D0C /* Base64.m */,
			);
			path = Base64;
			sourceTree = "<group>";
		};
		2B5861801799EA1E00200D0C /* AESCrypt-ObjC-master */ = {
			isa = PBXGroup;
			children = (
				2B5861811799EA1E00200D0C /* .gitignore */,
				2B5861821799EA1E00200D0C /* AESCrypt.h */,
				2B5861831799EA1E00200D0C /* AESCrypt.m */,
				2B5861841799EA1E00200D0C /* LICENSE */,
				2B5861851799EA1E00200D0C /* NSData+Base64.h */,
				2B5861861799EA1E00200D0C /* NSData+Base64.m */,
				2B5861871799EA1E00200D0C /* NSData+CommonCrypto.h */,
				2B5861881799EA1E00200D0C /* NSData+CommonCrypto.m */,
				2B5861891799EA1E00200D0C /* NSString+Base64.h */,
				2B58618A1799EA1E00200D0C /* NSString+Base64.m */,
				2B58618B1799EA1E00200D0C /* README.md */,
			);
			path = "AESCrypt-ObjC-master";
			sourceTree = "<group>";
		};
		2B5861931799EC6F00200D0C /* SJCL */ = {
			isa = PBXGroup;
			children = (
				2B5861941799EC7000200D0C /* sjcl.js */,
			);
			path = SJCL;
			sourceTree = "<group>";
		};
		2B58F7CD179F9DF8009AEEEA /* Products */ = {
			isa = PBXGroup;
			children = (
				2B58F7D2179F9DF9009AEEEA /* libqrencoder.a */,
				2B58F7D4179F9DF9009AEEEA /* QRCodeEncoderDemo.app */,
			);
			name = Products;
			sourceTree = "<group>";
		};
		2B58F7E317A07D6F009AEEEA /* ZBarSDK-armv7s */ = {
			isa = PBXGroup;
			children = (
				2B58F7E417A07D6F009AEEEA /* Headers */,
				2B58F7FB17A07D6F009AEEEA /* libzbar.a */,
			);
			path = "ZBarSDK-armv7s";
			sourceTree = "<group>";
		};
		2B58F7E417A07D6F009AEEEA /* Headers */ = {
			isa = PBXGroup;
			children = (
				2B58F7E517A07D6F009AEEEA /* ZBarSDK */,
			);
			path = Headers;
			sourceTree = "<group>";
		};
		2B58F7E517A07D6F009AEEEA /* ZBarSDK */ = {
			isa = PBXGroup;
			children = (
				2B58F7E617A07D6F009AEEEA /* zbar */,
				2B58F7F017A07D6F009AEEEA /* zbar.h */,
				2B58F7F117A07D6F009AEEEA /* ZBarCameraSimulator.h */,
				2B58F7F217A07D6F009AEEEA /* ZBarCaptureReader.h */,
				2B58F7F317A07D6F009AEEEA /* ZBarHelpController.h */,
				2B58F7F417A07D6F009AEEEA /* ZBarImage.h */,
				2B58F7F517A07D6F009AEEEA /* ZBarImageScanner.h */,
				2B58F7F617A07D6F009AEEEA /* ZBarReaderController.h */,
				2B58F7F717A07D6F009AEEEA /* ZBarReaderView.h */,
				2B58F7F817A07D6F009AEEEA /* ZBarReaderViewController.h */,
				2B58F7F917A07D6F009AEEEA /* ZBarSDK.h */,
				2B58F7FA17A07D6F009AEEEA /* ZBarSymbol.h */,
			);
			path = ZBarSDK;
			sourceTree = "<group>";
		};
		2B58F7E617A07D6F009AEEEA /* zbar */ = {
			isa = PBXGroup;
			children = (
				2B58F7E717A07D6F009AEEEA /* Decoder.h */,
				2B58F7E817A07D6F009AEEEA /* Exception.h */,
				2B58F7E917A07D6F009AEEEA /* Image.h */,
				2B58F7EA17A07D6F009AEEEA /* ImageScanner.h */,
				2B58F7EB17A07D6F009AEEEA /* Processor.h */,
				2B58F7EC17A07D6F009AEEEA /* Scanner.h */,
				2B58F7ED17A07D6F009AEEEA /* Symbol.h */,
				2B58F7EE17A07D6F009AEEEA /* Video.h */,
				2B58F7EF17A07D6F009AEEEA /* Window.h */,
			);
			path = zbar;
			sourceTree = "<group>";
		};
		2B58F81417A0D115009AEEEA /* Global */ = {
			isa = PBXGroup;
			children = (
				2B58F81117A0D108009AEEEA /* RippleStatusViewController.h */,
				2B58F81217A0D108009AEEEA /* RippleStatusViewController.m */,
			);
			name = Global;
			sourceTree = "<group>";
		};
		2B58F81517A1D996009AEEEA /* ripple-client */ = {
			isa = PBXGroup;
			children = (
				2B58F81617A1D996009AEEEA /* jsonrewriter.js */,
			);
			path = "ripple-client";
			sourceTree = "<group>";
		};
		2B58F81C17A1E61F009AEEEA /* WrapperCategories */ = {
			isa = PBXGroup;
			children = (
				2B58F81D17A1E6A8009AEEEA /* RippleJSManager+Initializer.h */,
				2B58F81E17A1E6A8009AEEEA /* RippleJSManager+Initializer.m */,
				2B58F82017A1E879009AEEEA /* RippleJSManager+AccountInfo.h */,
				2B58F82117A1E879009AEEEA /* RippleJSManager+AccountInfo.m */,
				2B58F82317A1EA6D009AEEEA /* RippleJSManager+AccountLines.h */,
				2B58F82417A1EA6D009AEEEA /* RippleJSManager+AccountLines.m */,
				2B58F82617A1EBBD009AEEEA /* RippleJSManager+AccountTx.h */,
				2B58F82717A1EBBE009AEEEA /* RippleJSManager+AccountTx.m */,
				2B58F82917A1ECC2009AEEEA /* RippleJSManager+TransactionCallback.h */,
				2B58F82A17A1ECC3009AEEEA /* RippleJSManager+TransactionCallback.m */,
				2B58F82F17A1EF02009AEEEA /* RippleJSManager+NetworkStatus.h */,
				2B58F83017A1EF02009AEEEA /* RippleJSManager+NetworkStatus.m */,
				2B58F83217A1EFA9009AEEEA /* RippleJSManager+Authentication.h */,
				2B58F83317A1EFA9009AEEEA /* RippleJSManager+Authentication.m */,
				2B58F83517A1F155009AEEEA /* RippleJSManager+SendTransaction.h */,
				2B58F83617A1F156009AEEEA /* RippleJSManager+SendTransaction.m */,
				2B58F83817A1FAE8009AEEEA /* RippleJSManager+AccountOffers.h */,
				2B58F83917A1FAE9009AEEEA /* RippleJSManager+AccountOffers.m */,
				2B58F83B17A1FD0B009AEEEA /* RippleJSManager+Ledger.h */,
				2B58F83C17A1FD0B009AEEEA /* RippleJSManager+Ledger.m */,
			);
			name = WrapperCategories;
			sourceTree = "<group>";
		};
		2B66B04C17AF971E00CC3523 /* Design elements */ = {
			isa = PBXGroup;
			children = (
				2B66B04D17AF971E00CC3523 /* arrow.png */,
				2B66B04E17AF971E00CC3523 /* arrow@2x.png */,
				2B66B04F17AF971E00CC3523 /* btn_send_down.png */,
				2B66B05017AF971E00CC3523 /* btn_send_down@2x.png */,
				2B66B05117AF971E00CC3523 /* btn_send_up.png */,
				2B66B05217AF971E00CC3523 /* btn_send_up@2x.png */,
				2B66B05317AF971E00CC3523 /* btn_white_down.png */,
				2B66B05417AF971E00CC3523 /* btn_white_down@2x.png */,
				2B66B05517AF971E00CC3523 /* btn_white_up.png */,
				2B66B05617AF971E00CC3523 /* btn_white_up@2x.png */,
				2B66B05717AF971E00CC3523 /* send_amt.png */,
				2B66B05817AF971E00CC3523 /* send_amt@2x.png */,
				2B66B05917AF971E00CC3523 /* signin_logo.png */,
				2B66B05A17AF971E00CC3523 /* signin_logo@2x.png */,
				2B66B05B17AF971E00CC3523 /* top_logo.png */,
				2B66B05C17AF971E00CC3523 /* top_logo@2x.png */,
			);
			path = "Design elements";
			sourceTree = "<group>";
		};
		2BE8F63F17A9EF7D00372FCB /* Helpers */ = {
			isa = PBXGroup;
			children = (
				2BE8F64017A9EF9100372FCB /* RPHelper.h */,
				2BE8F64117A9EF9100372FCB /* RPHelper.m */,
			);
			name = Helpers;
			sourceTree = "<group>";
		};
/* End PBXGroup section */

/* Begin PBXNativeTarget section */
		2B5860BA179764A300200D0C /* Ripple */ = {
			isa = PBXNativeTarget;
			buildConfigurationList = 2B5860F6179764A300200D0C /* Build configuration list for PBXNativeTarget "Ripple" */;
			buildPhases = (
				2B5860B7179764A300200D0C /* Sources */,
				2B5860B8179764A300200D0C /* Frameworks */,
				2B5860B9179764A300200D0C /* Resources */,
			);
			buildRules = (
			);
			dependencies = (
				2B58F7D6179F9E29009AEEEA /* PBXTargetDependency */,
			);
			name = Ripple;
			productName = Ripple;
			productReference = 2B5860BB179764A300200D0C /* Ripple.app */;
			productType = "com.apple.product-type.application";
		};
		2B5860E3179764A300200D0C /* RippleTests */ = {
			isa = PBXNativeTarget;
			buildConfigurationList = 2B5860F9179764A300200D0C /* Build configuration list for PBXNativeTarget "RippleTests" */;
			buildPhases = (
				2B5860DF179764A300200D0C /* Sources */,
				2B5860E0179764A300200D0C /* Frameworks */,
				2B5860E1179764A300200D0C /* Resources */,
				2B5860E2179764A300200D0C /* ShellScript */,
			);
			buildRules = (
			);
			dependencies = (
				2B5860EA179764A300200D0C /* PBXTargetDependency */,
			);
			name = RippleTests;
			productName = RippleTests;
			productReference = 2B5860E4179764A300200D0C /* RippleTests.octest */;
			productType = "com.apple.product-type.bundle";
		};
/* End PBXNativeTarget section */

/* Begin PBXProject section */
		2B5860B3179764A300200D0C /* Project object */ = {
			isa = PBXProject;
			attributes = {
				LastUpgradeCheck = 0460;
				ORGANIZATIONNAME = "OpenCoin Inc";
			};
			buildConfigurationList = 2B5860B6179764A300200D0C /* Build configuration list for PBXProject "Ripple" */;
			compatibilityVersion = "Xcode 3.2";
			developmentRegion = English;
			hasScannedForEncodings = 0;
			knownRegions = (
				en,
			);
			mainGroup = 2B5860B2179764A300200D0C;
			productRefGroup = 2B5860BC179764A300200D0C /* Products */;
			projectDirPath = "";
			projectReferences = (
				{
					ProductGroup = 2B58F7CD179F9DF8009AEEEA /* Products */;
					ProjectRef = 2B58F7CC179F9DF8009AEEEA /* QRCodeEncoderObjectiveCAtGithub.xcodeproj */;
				},
			);
			projectRoot = "";
			targets = (
				2B5860BA179764A300200D0C /* Ripple */,
				2B5860E3179764A300200D0C /* RippleTests */,
			);
		};
/* End PBXProject section */

/* Begin PBXReferenceProxy section */
		2B58F7D2179F9DF9009AEEEA /* libqrencoder.a */ = {
			isa = PBXReferenceProxy;
			fileType = archive.ar;
			path = libqrencoder.a;
			remoteRef = 2B58F7D1179F9DF9009AEEEA /* PBXContainerItemProxy */;
			sourceTree = BUILT_PRODUCTS_DIR;
		};
		2B58F7D4179F9DF9009AEEEA /* QRCodeEncoderDemo.app */ = {
			isa = PBXReferenceProxy;
			fileType = wrapper.application;
			path = QRCodeEncoderDemo.app;
			remoteRef = 2B58F7D3179F9DF9009AEEEA /* PBXContainerItemProxy */;
			sourceTree = BUILT_PRODUCTS_DIR;
		};
/* End PBXReferenceProxy section */

/* Begin PBXResourcesBuildPhase section */
		2B5860B9179764A300200D0C /* Resources */ = {
			isa = PBXResourcesBuildPhase;
			buildActionMask = 2147483647;
			files = (
				2BE8F63E17A9DB3700372FCB /* ripple-0.7.18-min.js in Resources */,
				2B58F81817A1D9D6009AEEEA /* jsonrewriter.js in Resources */,
				2B5861961799EC7B00200D0C /* sjcl.js in Resources */,
				2B58613917976D3400200D0C /* ripple-lib-wrapper.js in Resources */,
				2B5860C9179764A300200D0C /* InfoPlist.strings in Resources */,
				2B5860D1179764A300200D0C /* Default.png in Resources */,
				2B5860D3179764A300200D0C /* Default@2x.png in Resources */,
				2B5860D5179764A300200D0C /* Default-568h@2x.png in Resources */,
				2B5860D8179764A300200D0C /* MainStoryboard_iPhone.storyboard in Resources */,
				2B5860DB179764A300200D0C /* MainStoryboard_iPad.storyboard in Resources */,
				2B5861051797678C00200D0C /* WebViewJavascriptBridge.js.txt in Resources */,
				2B5861921799EA1E00200D0C /* README.md in Resources */,
				2B201D0D179D22AE00B52E90 /* Splash.png in Resources */,
				2B201D0E179D22AE00B52E90 /* Splash@2x.png in Resources */,
				2B201D19179D25C300B52E90 /* SVProgressHUD.bundle in Resources */,
				2B201DC2179D27C400B52E90 /* SSKeychain.strings in Resources */,
				2B58F78C179F943D009AEEEA /* Ripple-Icon-57.png in Resources */,
				2B58F78E179F9444009AEEEA /* Ripple-Icon-114.png in Resources */,
				2B66B05D17AF971E00CC3523 /* arrow.png in Resources */,
				2B66B05E17AF971E00CC3523 /* arrow@2x.png in Resources */,
				2B66B05F17AF971E00CC3523 /* btn_send_down.png in Resources */,
				2B66B06017AF971E00CC3523 /* btn_send_down@2x.png in Resources */,
				2B66B06117AF971E00CC3523 /* btn_send_up.png in Resources */,
				2B66B06217AF971E00CC3523 /* btn_send_up@2x.png in Resources */,
				2B66B06317AF971E00CC3523 /* btn_white_down.png in Resources */,
				2B66B06417AF971E00CC3523 /* btn_white_down@2x.png in Resources */,
				2B66B06517AF971E00CC3523 /* btn_white_up.png in Resources */,
				2B66B06617AF971E00CC3523 /* btn_white_up@2x.png in Resources */,
				2B66B06717AF971E00CC3523 /* send_amt.png in Resources */,
				2B66B06817AF971E00CC3523 /* send_amt@2x.png in Resources */,
				2B66B06917AF971E00CC3523 /* signin_logo.png in Resources */,
				2B66B06A17AF971E00CC3523 /* signin_logo@2x.png in Resources */,
				2B66B06B17AF971E00CC3523 /* top_logo.png in Resources */,
				2B66B06C17AF971E00CC3523 /* top_logo@2x.png in Resources */,
			);
			runOnlyForDeploymentPostprocessing = 0;
		};
		2B5860E1179764A300200D0C /* Resources */ = {
			isa = PBXResourcesBuildPhase;
			buildActionMask = 2147483647;
			files = (
				2B5860F0179764A300200D0C /* InfoPlist.strings in Resources */,
			);
			runOnlyForDeploymentPostprocessing = 0;
		};
/* End PBXResourcesBuildPhase section */

/* Begin PBXShellScriptBuildPhase section */
		2B5860E2179764A300200D0C /* ShellScript */ = {
			isa = PBXShellScriptBuildPhase;
			buildActionMask = 2147483647;
			files = (
			);
			inputPaths = (
			);
			outputPaths = (
			);
			runOnlyForDeploymentPostprocessing = 0;
			shellPath = /bin/sh;
			shellScript = "# Run the unit tests in this test bundle.\n\"${SYSTEM_DEVELOPER_DIR}/Tools/RunUnitTests\"\n";
		};
/* End PBXShellScriptBuildPhase section */

/* Begin PBXSourcesBuildPhase section */
		2B5860B7179764A300200D0C /* Sources */ = {
			isa = PBXSourcesBuildPhase;
			buildActionMask = 2147483647;
			files = (
				2B5860CB179764A300200D0C /* main.m in Sources */,
				2B5860CF179764A300200D0C /* AppDelegate.m in Sources */,
				2B5860DE179764A300200D0C /* ViewController.m in Sources */,
				2B5860FF1797672E00200D0C /* RippleJSManager.m in Sources */,
				2B5861061797678C00200D0C /* WebViewJavascriptBridge.m in Sources */,
				2B5861411797806E00200D0C /* RPAccountData.m in Sources */,
				2B5861451797813000200D0C /* NSObject+KJSerializer.m in Sources */,
				2B5861481797879700200D0C /* RPLedgerClosed.m in Sources */,
				2B58614D1797B83400200D0C /* RPError.m in Sources */,
				2B5861511798AB0800200D0C /* NSString+Hashes.m in Sources */,
				2B5861681798AB3D00200D0C /* AFHTTPClient.m in Sources */,
				2B5861691798AB3D00200D0C /* AFHTTPRequestOperation.m in Sources */,
				2B58616A1798AB3D00200D0C /* AFImageRequestOperation.m in Sources */,
				2B58616B1798AB3D00200D0C /* AFJSONRequestOperation.m in Sources */,
				2B58616C1798AB3D00200D0C /* AFNetworkActivityIndicatorManager.m in Sources */,
				2B58616D1798AB3D00200D0C /* AFPropertyListRequestOperation.m in Sources */,
				2B58616E1798AB3D00200D0C /* AFURLConnectionOperation.m in Sources */,
				2B58616F1798AB3D00200D0C /* AFXMLRequestOperation.m in Sources */,
				2B5861701798AB3D00200D0C /* UIImageView+AFNetworking.m in Sources */,
				2B5861741798AB8800200D0C /* RPVaultClient.m in Sources */,
				2B5861781798AE3300200D0C /* NSData+Conversion.m in Sources */,
				2B58617F1799E5DC00200D0C /* Base64.m in Sources */,
				2B58618D1799EA1E00200D0C /* AESCrypt.m in Sources */,
				2B58618F1799EA1E00200D0C /* NSData+Base64.m in Sources */,
				2B5861901799EA1E00200D0C /* NSData+CommonCrypto.m in Sources */,
				2B5861911799EA1E00200D0C /* NSString+Base64.m in Sources */,
				2B586199179A0A8500200D0C /* RPAccountLine.m in Sources */,
				2B201D12179D236F00B52E90 /* LoginViewController.m in Sources */,
				2B201D1A179D25C300B52E90 /* SVProgressHUD.m in Sources */,
				2B201DC3179D27C400B52E90 /* SSKeychain.m in Sources */,
				2B201DC4179D27C400B52E90 /* SSKeychainQuery.m in Sources */,
				2B201DC9179D2B9F00B52E90 /* BalancesViewController.m in Sources */,
				2B201DCC179D36E600B52E90 /* SendTransactionViewController.m in Sources */,
				2B201DCF179D3C1500B52E90 /* RPBlobData.m in Sources */,
				2B201DDA179E03AD00B52E90 /* RPContact.m in Sources */,
				2B201DDD179E483F00B52E90 /* RPTransaction.m in Sources */,
				2B201DE0179E497C00B52E90 /* RPTransactionSubscription.m in Sources */,
				2B58F784179F68F0009AEEEA /* SendGenericViewController.m in Sources */,
				2B58F787179F70A5009AEEEA /* SendAmountViewController.m in Sources */,
				2B58F78A179F71EC009AEEEA /* RPNewTransaction.m in Sources */,
				2B58F7C2179F9D2F009AEEEA /* ReceiveViewController.mm in Sources */,
				2B58F81017A0D013009AEEEA /* SendWaitingViewController.m in Sources */,
				2B58F81317A0D108009AEEEA /* RippleStatusViewController.m in Sources */,
				2B58F81F17A1E6A8009AEEEA /* RippleJSManager+Initializer.m in Sources */,
				2B58F82217A1E879009AEEEA /* RippleJSManager+AccountInfo.m in Sources */,
				2B58F82517A1EA6D009AEEEA /* RippleJSManager+AccountLines.m in Sources */,
				2B58F82817A1EBBE009AEEEA /* RippleJSManager+AccountTx.m in Sources */,
				2B58F82B17A1ECC3009AEEEA /* RippleJSManager+TransactionCallback.m in Sources */,
				2B58F83117A1EF03009AEEEA /* RippleJSManager+NetworkStatus.m in Sources */,
				2B58F83417A1EFAA009AEEEA /* RippleJSManager+Authentication.m in Sources */,
				2B58F83717A1F157009AEEEA /* RippleJSManager+SendTransaction.m in Sources */,
				2B58F83A17A1FAEA009AEEEA /* RippleJSManager+AccountOffers.m in Sources */,
				2B58F83D17A1FD0C009AEEEA /* RippleJSManager+Ledger.m in Sources */,
				2B08036C17A321510095F199 /* AccountBalanceManager.m in Sources */,
				2B08036F17A32DE70095F199 /* AccountHistoryManager.m in Sources */,
				2B08037217A32E660095F199 /* RPTxHistory.m in Sources */,
				2B08037517A335AE0095F199 /* TxViewController.m in Sources */,
				2BE6DA9A17A72278008CAC64 /* SendCurrencyViewController.m in Sources */,
				2BE6DA9D17A748BA008CAC64 /* SendPathsViewController.m in Sources */,
				2BE8F64217A9EF9100372FCB /* RPHelper.m in Sources */,
				2B66B04A17AF871400CC3523 /* RPAvailablePath.m in Sources */,
			);
			runOnlyForDeploymentPostprocessing = 0;
		};
		2B5860DF179764A300200D0C /* Sources */ = {
			isa = PBXSourcesBuildPhase;
			buildActionMask = 2147483647;
			files = (
				2B5860F3179764A300200D0C /* RippleTests.m in Sources */,
			);
			runOnlyForDeploymentPostprocessing = 0;
		};
/* End PBXSourcesBuildPhase section */

/* Begin PBXTargetDependency section */
		2B5860EA179764A300200D0C /* PBXTargetDependency */ = {
			isa = PBXTargetDependency;
			target = 2B5860BA179764A300200D0C /* Ripple */;
			targetProxy = 2B5860E9179764A300200D0C /* PBXContainerItemProxy */;
		};
		2B58F7D6179F9E29009AEEEA /* PBXTargetDependency */ = {
			isa = PBXTargetDependency;
			name = qrencoder;
			targetProxy = 2B58F7D5179F9E29009AEEEA /* PBXContainerItemProxy */;
		};
/* End PBXTargetDependency section */

/* Begin PBXVariantGroup section */
		2B201DBC179D27C400B52E90 /* SSKeychain.strings */ = {
			isa = PBXVariantGroup;
			children = (
				2B201DBD179D27C400B52E90 /* en */,
			);
			name = SSKeychain.strings;
			sourceTree = "<group>";
		};
		2B5860C7179764A300200D0C /* InfoPlist.strings */ = {
			isa = PBXVariantGroup;
			children = (
				2B5860C8179764A300200D0C /* en */,
			);
			name = InfoPlist.strings;
			sourceTree = "<group>";
		};
		2B5860D6179764A300200D0C /* MainStoryboard_iPhone.storyboard */ = {
			isa = PBXVariantGroup;
			children = (
				2B5860D7179764A300200D0C /* en */,
			);
			name = MainStoryboard_iPhone.storyboard;
			sourceTree = "<group>";
		};
		2B5860D9179764A300200D0C /* MainStoryboard_iPad.storyboard */ = {
			isa = PBXVariantGroup;
			children = (
				2B5860DA179764A300200D0C /* en */,
			);
			name = MainStoryboard_iPad.storyboard;
			sourceTree = "<group>";
		};
		2B5860EE179764A300200D0C /* InfoPlist.strings */ = {
			isa = PBXVariantGroup;
			children = (
				2B5860EF179764A300200D0C /* en */,
			);
			name = InfoPlist.strings;
			sourceTree = "<group>";
		};
/* End PBXVariantGroup section */

/* Begin XCBuildConfiguration section */
		2B5860F4179764A300200D0C /* Debug */ = {
			isa = XCBuildConfiguration;
			buildSettings = {
				ALWAYS_SEARCH_USER_PATHS = NO;
				CLANG_CXX_LANGUAGE_STANDARD = "gnu++0x";
				CLANG_CXX_LIBRARY = "libc++";
				CLANG_ENABLE_OBJC_ARC = YES;
				CLANG_WARN_CONSTANT_CONVERSION = YES;
				CLANG_WARN_EMPTY_BODY = YES;
				CLANG_WARN_ENUM_CONVERSION = YES;
				CLANG_WARN_INT_CONVERSION = YES;
				CLANG_WARN__DUPLICATE_METHOD_MATCH = YES;
				"CODE_SIGN_IDENTITY[sdk=iphoneos*]" = "iPhone Developer";
				COPY_PHASE_STRIP = NO;
				GCC_C_LANGUAGE_STANDARD = gnu99;
				GCC_DYNAMIC_NO_PIC = NO;
				GCC_OPTIMIZATION_LEVEL = 0;
				GCC_PREPROCESSOR_DEFINITIONS = (
					"DEBUG=1",
					"$(inherited)",
				);
				GCC_SYMBOLS_PRIVATE_EXTERN = NO;
				GCC_WARN_ABOUT_RETURN_TYPE = YES;
				GCC_WARN_UNINITIALIZED_AUTOS = YES;
				GCC_WARN_UNUSED_VARIABLE = YES;
				IPHONEOS_DEPLOYMENT_TARGET = 6.0;
				ONLY_ACTIVE_ARCH = YES;
				SDKROOT = iphoneos;
				TARGETED_DEVICE_FAMILY = "1,2";
			};
			name = Debug;
		};
		2B5860F5179764A300200D0C /* Release */ = {
			isa = XCBuildConfiguration;
			buildSettings = {
				ALWAYS_SEARCH_USER_PATHS = NO;
				CLANG_CXX_LANGUAGE_STANDARD = "gnu++0x";
				CLANG_CXX_LIBRARY = "libc++";
				CLANG_ENABLE_OBJC_ARC = YES;
				CLANG_WARN_CONSTANT_CONVERSION = YES;
				CLANG_WARN_EMPTY_BODY = YES;
				CLANG_WARN_ENUM_CONVERSION = YES;
				CLANG_WARN_INT_CONVERSION = YES;
				CLANG_WARN__DUPLICATE_METHOD_MATCH = YES;
				"CODE_SIGN_IDENTITY[sdk=iphoneos*]" = "iPhone Developer";
				COPY_PHASE_STRIP = YES;
				GCC_C_LANGUAGE_STANDARD = gnu99;
				GCC_WARN_ABOUT_RETURN_TYPE = YES;
				GCC_WARN_UNINITIALIZED_AUTOS = YES;
				GCC_WARN_UNUSED_VARIABLE = YES;
				IPHONEOS_DEPLOYMENT_TARGET = 6.0;
				OTHER_CFLAGS = "-DNS_BLOCK_ASSERTIONS=1";
				SDKROOT = iphoneos;
				TARGETED_DEVICE_FAMILY = "1,2";
				VALIDATE_PRODUCT = YES;
			};
			name = Release;
		};
		2B5860F7179764A300200D0C /* Debug */ = {
			isa = XCBuildConfiguration;
			buildSettings = {
				CODE_SIGN_IDENTITY = "iPhone Developer: Kevin Johnson (5Z79N3T28E)";
				GCC_PRECOMPILE_PREFIX_HEADER = YES;
				GCC_PREFIX_HEADER = "Ripple/Ripple-Prefix.pch";
				HEADER_SEARCH_PATHS = "\"$(SRCROOT)/Libraries/QR-Code-Encoder-for-Objective-C\"/**";
				INFOPLIST_FILE = "Ripple/Ripple-Info.plist";
				LIBRARY_SEARCH_PATHS = (
					"$(inherited)",
					"\"$(SRCROOT)/Libraries/ZBarSDK-armv7s\"",
				);
				PRODUCT_NAME = "$(TARGET_NAME)";
				PROVISIONING_PROFILE = "001CDE08-5510-44CA-A59D-F5B1480D0C17";
				TARGETED_DEVICE_FAMILY = 1;
				WRAPPER_EXTENSION = app;
			};
			name = Debug;
		};
		2B5860F8179764A300200D0C /* Release */ = {
			isa = XCBuildConfiguration;
			buildSettings = {
				CODE_SIGN_IDENTITY = "iPhone Distribution: Kevin Johnson";
				GCC_PRECOMPILE_PREFIX_HEADER = YES;
				GCC_PREFIX_HEADER = "Ripple/Ripple-Prefix.pch";
				HEADER_SEARCH_PATHS = "\"$(SRCROOT)/Libraries/QR-Code-Encoder-for-Objective-C\"/**";
				INFOPLIST_FILE = "Ripple/Ripple-Info.plist";
				LIBRARY_SEARCH_PATHS = (
					"$(inherited)",
					"\"$(SRCROOT)/Libraries/ZBarSDK-armv7s\"",
				);
				PRODUCT_NAME = "$(TARGET_NAME)";
				PROVISIONING_PROFILE = "C6E3E70D-E3D7-498E-AABA-3E5D18A66EFA";
				TARGETED_DEVICE_FAMILY = 1;
				WRAPPER_EXTENSION = app;
			};
			name = Release;
		};
		2B5860FA179764A300200D0C /* Debug */ = {
			isa = XCBuildConfiguration;
			buildSettings = {
				BUNDLE_LOADER = "$(BUILT_PRODUCTS_DIR)/Ripple.app/Ripple";
				FRAMEWORK_SEARCH_PATHS = (
					"\"$(SDKROOT)/Developer/Library/Frameworks\"",
					"\"$(DEVELOPER_LIBRARY_DIR)/Frameworks\"",
				);
				GCC_PRECOMPILE_PREFIX_HEADER = YES;
				GCC_PREFIX_HEADER = "Ripple/Ripple-Prefix.pch";
				INFOPLIST_FILE = "RippleTests/RippleTests-Info.plist";
				PRODUCT_NAME = "$(TARGET_NAME)";
				TEST_HOST = "$(BUNDLE_LOADER)";
				WRAPPER_EXTENSION = octest;
			};
			name = Debug;
		};
		2B5860FB179764A300200D0C /* Release */ = {
			isa = XCBuildConfiguration;
			buildSettings = {
				BUNDLE_LOADER = "$(BUILT_PRODUCTS_DIR)/Ripple.app/Ripple";
				FRAMEWORK_SEARCH_PATHS = (
					"\"$(SDKROOT)/Developer/Library/Frameworks\"",
					"\"$(DEVELOPER_LIBRARY_DIR)/Frameworks\"",
				);
				GCC_PRECOMPILE_PREFIX_HEADER = YES;
				GCC_PREFIX_HEADER = "Ripple/Ripple-Prefix.pch";
				INFOPLIST_FILE = "RippleTests/RippleTests-Info.plist";
				PRODUCT_NAME = "$(TARGET_NAME)";
				TEST_HOST = "$(BUNDLE_LOADER)";
				WRAPPER_EXTENSION = octest;
			};
			name = Release;
		};
/* End XCBuildConfiguration section */

/* Begin XCConfigurationList section */
		2B5860B6179764A300200D0C /* Build configuration list for PBXProject "Ripple" */ = {
			isa = XCConfigurationList;
			buildConfigurations = (
				2B5860F4179764A300200D0C /* Debug */,
				2B5860F5179764A300200D0C /* Release */,
			);
			defaultConfigurationIsVisible = 0;
			defaultConfigurationName = Release;
		};
		2B5860F6179764A300200D0C /* Build configuration list for PBXNativeTarget "Ripple" */ = {
			isa = XCConfigurationList;
			buildConfigurations = (
				2B5860F7179764A300200D0C /* Debug */,
				2B5860F8179764A300200D0C /* Release */,
			);
			defaultConfigurationIsVisible = 0;
			defaultConfigurationName = Release;
		};
		2B5860F9179764A300200D0C /* Build configuration list for PBXNativeTarget "RippleTests" */ = {
			isa = XCConfigurationList;
			buildConfigurations = (
				2B5860FA179764A300200D0C /* Debug */,
				2B5860FB179764A300200D0C /* Release */,
			);
			defaultConfigurationIsVisible = 0;
			defaultConfigurationName = Release;
		};
/* End XCConfigurationList section */
	};
	rootObject = 2B5860B3179764A300200D0C /* Project object */;
}
